// !$*UTF8*$!
{
	archiveVersion = 1;
	classes = {
	};
	objectVersion = 46;
	objects = {

/* Begin PBXBuildFile section */
		9C0826E017B8924C00AB6C36 /* main.m in Sources */ = {isa = PBXBuildFile; fileRef = 9C0826B317B8924C00AB6C36 /* main.m */; };
		9C0826E217B8924C00AB6C36 /* SCAppDelegate.m in Sources */ = {isa = PBXBuildFile; fileRef = 9C0826B717B8924C00AB6C36 /* SCAppDelegate.m */; };
		9C0826E417B8924C00AB6C36 /* SCContact.m in Sources */ = {isa = PBXBuildFile; fileRef = 9C0826BB17B8924C00AB6C36 /* SCContact.m */; };
		9C0826E517B8924C00AB6C36 /* SCContactCell.m in Sources */ = {isa = PBXBuildFile; fileRef = 9C0826BD17B8924C00AB6C36 /* SCContactCell.m */; };
		9C0826E617B8924C00AB6C36 /* SCContactJoiner.m in Sources */ = {isa = PBXBuildFile; fileRef = 9C0826BF17B8924C00AB6C36 /* SCContactJoiner.m */; };
		9C0826E717B8924C00AB6C36 /* SCContactList.m in Sources */ = {isa = PBXBuildFile; fileRef = 9C0826C117B8924C00AB6C36 /* SCContactList.m */; };
		9C0826E817B8924C00AB6C36 /* SCFavorite.m in Sources */ = {isa = PBXBuildFile; fileRef = 9C0826C317B8924C00AB6C36 /* SCFavorite.m */; };
		9C0826E917B8924C00AB6C36 /* SCFavoriteCell.m in Sources */ = {isa = PBXBuildFile; fileRef = 9C0826C517B8924C00AB6C36 /* SCFavoriteCell.m */; };
		9C0826EA17B8924C00AB6C36 /* SCFavoritesHandler.m in Sources */ = {isa = PBXBuildFile; fileRef = 9C0826C717B8924C00AB6C36 /* SCFavoritesHandler.m */; };
		9C0826EB17B8924C00AB6C36 /* SCFavoritesViewController.m in Sources */ = {isa = PBXBuildFile; fileRef = 9C0826C917B8924C00AB6C36 /* SCFavoritesViewController.m */; };
		9C0826EC17B8924C00AB6C36 /* SCKindHandler.m in Sources */ = {isa = PBXBuildFile; fileRef = 9C0826CB17B8924C00AB6C36 /* SCKindHandler.m */; };
		9C0826ED17B8924C00AB6C36 /* SCMainTableViewController.m in Sources */ = {isa = PBXBuildFile; fileRef = 9C0826CD17B8924C00AB6C36 /* SCMainTableViewController.m */; };
		9C0826EE17B8924C00AB6C36 /* SCModalViewController.m in Sources */ = {isa = PBXBuildFile; fileRef = 9C0826CF17B8924C00AB6C36 /* SCModalViewController.m */; };
		9C0826EF17B8924C00AB6C36 /* SCNavigationBar.m in Sources */ = {isa = PBXBuildFile; fileRef = 9C0826D117B8924C00AB6C36 /* SCNavigationBar.m */; };
		9C0826F017B8924C00AB6C36 /* SCNumberCell.m in Sources */ = {isa = PBXBuildFile; fileRef = 9C0826D317B8924C00AB6C36 /* SCNumberCell.m */; };
		9C0826F117B8924C00AB6C36 /* SCSettingsHandler.m in Sources */ = {isa = PBXBuildFile; fileRef = 9C0826D617B8924C00AB6C36 /* SCSettingsHandler.m */; };
		9C0826F217B8924C00AB6C36 /* SCSettingsTableViewController.m in Sources */ = {isa = PBXBuildFile; fileRef = 9C0826D817B8924C00AB6C36 /* SCSettingsTableViewController.m */; };
		9C0826F317B8924C00AB6C36 /* SCTutorialViewController.m in Sources */ = {isa = PBXBuildFile; fileRef = 9C0826DA17B8924C00AB6C36 /* SCTutorialViewController.m */; };
		9C0826F417B8924C00AB6C36 /* Settings.plist in Resources */ = {isa = PBXBuildFile; fileRef = 9C0826DB17B8924C00AB6C36 /* Settings.plist */; };
		9C0826F817B8936700AB6C36 /* PhoneFormats.dat in Resources */ = {isa = PBXBuildFile; fileRef = 9C0826F717B8936700AB6C36 /* PhoneFormats.dat */; };
		9C0826FF17B893E200AB6C36 /* 29x29.png in Resources */ = {isa = PBXBuildFile; fileRef = 9C0826F917B893E200AB6C36 /* 29x29.png */; };
		9C08270017B893E200AB6C36 /* 57x57.png in Resources */ = {isa = PBXBuildFile; fileRef = 9C0826FA17B893E200AB6C36 /* 57x57.png */; };
		9C08270117B893E200AB6C36 /* 58x58.png in Resources */ = {isa = PBXBuildFile; fileRef = 9C0826FB17B893E200AB6C36 /* 58x58.png */; };
		9C08270217B893E200AB6C36 /* 80x80.png in Resources */ = {isa = PBXBuildFile; fileRef = 9C0826FC17B893E200AB6C36 /* 80x80.png */; };
		9C08270317B893E200AB6C36 /* 114x114.png in Resources */ = {isa = PBXBuildFile; fileRef = 9C0826FD17B893E200AB6C36 /* 114x114.png */; };
		9C08270417B893E200AB6C36 /* 120x120.png in Resources */ = {isa = PBXBuildFile; fileRef = 9C0826FE17B893E200AB6C36 /* 120x120.png */; };
		9C08270817B8940700AB6C36 /* Default-568h@2x.png in Resources */ = {isa = PBXBuildFile; fileRef = 9C08270517B8940700AB6C36 /* Default-568h@2x.png */; };
		9C08270917B8940700AB6C36 /* Default.png in Resources */ = {isa = PBXBuildFile; fileRef = 9C08270617B8940700AB6C36 /* Default.png */; };
		9C08270A17B8940700AB6C36 /* Default@2x.png in Resources */ = {isa = PBXBuildFile; fileRef = 9C08270717B8940700AB6C36 /* Default@2x.png */; };
		9C08270C17B8941400AB6C36 /* 1024x1024.png in Resources */ = {isa = PBXBuildFile; fileRef = 9C08270B17B8941400AB6C36 /* 1024x1024.png */; };
		9C08272417B8942F00AB6C36 /* facetime-black.png in Resources */ = {isa = PBXBuildFile; fileRef = 9C08270E17B8942F00AB6C36 /* facetime-black.png */; };
		9C08272517B8942F00AB6C36 /* facetime-white.png in Resources */ = {isa = PBXBuildFile; fileRef = 9C08270F17B8942F00AB6C36 /* facetime-white.png */; };
		9C08272617B8942F00AB6C36 /* favorite-flag.png in Resources */ = {isa = PBXBuildFile; fileRef = 9C08271017B8942F00AB6C36 /* favorite-flag.png */; };
		9C08272717B8942F00AB6C36 /* label-home.png in Resources */ = {isa = PBXBuildFile; fileRef = 9C08271117B8942F00AB6C36 /* label-home.png */; };
		9C08272817B8942F00AB6C36 /* label-mobile.png in Resources */ = {isa = PBXBuildFile; fileRef = 9C08271217B8942F00AB6C36 /* label-mobile.png */; };
		9C08272917B8942F00AB6C36 /* label-work.png in Resources */ = {isa = PBXBuildFile; fileRef = 9C08271317B8942F00AB6C36 /* label-work.png */; };
		9C08272A17B8942F00AB6C36 /* mail-white.png in Resources */ = {isa = PBXBuildFile; fileRef = 9C08271417B8942F00AB6C36 /* mail-white.png */; };
		9C08272B17B8942F00AB6C36 /* navigationbar-background.png in Resources */ = {isa = PBXBuildFile; fileRef = 9C08271517B8942F00AB6C36 /* navigationbar-background.png */; };
		9C08272C17B8942F00AB6C36 /* phone-black.png in Resources */ = {isa = PBXBuildFile; fileRef = 9C08271617B8942F00AB6C36 /* phone-black.png */; };
		9C08272D17B8942F00AB6C36 /* phone-white.png in Resources */ = {isa = PBXBuildFile; fileRef = 9C08271717B8942F00AB6C36 /* phone-white.png */; };
		9C08272E17B8942F00AB6C36 /* settings.png in Resources */ = {isa = PBXBuildFile; fileRef = 9C08271817B8942F00AB6C36 /* settings.png */; };
		9C08272F17B8942F00AB6C36 /* text-black.png in Resources */ = {isa = PBXBuildFile; fileRef = 9C08271917B8942F00AB6C36 /* text-black.png */; };
		9C08273017B8942F00AB6C36 /* text-white.png in Resources */ = {isa = PBXBuildFile; fileRef = 9C08271A17B8942F00AB6C36 /* text-white.png */; };
		9C08273617B8942F00AB6C36 /* unavailable-overlay.png in Resources */ = {isa = PBXBuildFile; fileRef = 9C08272017B8942F00AB6C36 /* unavailable-overlay.png */; };
		9C08273717B8942F00AB6C36 /* unknown-user.png in Resources */ = {isa = PBXBuildFile; fileRef = 9C08272117B8942F00AB6C36 /* unknown-user.png */; };
		9C08273817B8942F00AB6C36 /* validation-tick.png in Resources */ = {isa = PBXBuildFile; fileRef = 9C08272217B8942F00AB6C36 /* validation-tick.png */; };
		9C249FBE17C7052800A62A76 /* MainStoryboard.storyboard in Resources */ = {isa = PBXBuildFile; fileRef = 9C249FB817C7044A00A62A76 /* MainStoryboard.storyboard */; };
		9C249FBF17C7052D00A62A76 /* AppSettingsView.strings in Resources */ = {isa = PBXBuildFile; fileRef = 9C249FB417C7044A00A62A76 /* AppSettingsView.strings */; };
		9C249FC117C7053400A62A76 /* RefusedAddBookAccessPopup.strings in Resources */ = {isa = PBXBuildFile; fileRef = 9C249FBA17C7044A00A62A76 /* RefusedAddBookAccessPopup.strings */; };
		9C249FC217C7053600A62A76 /* ReportIssueMailView.strings in Resources */ = {isa = PBXBuildFile; fileRef = 9C249FBC17C7044A00A62A76 /* ReportIssueMailView.strings */; };
		9C249FC317C705C200A62A76 /* AppSettingsView.strings in Resources */ = {isa = PBXBuildFile; fileRef = 9C249FA917C7044900A62A76 /* AppSettingsView.strings */; };
		9C249FC517C705C800A62A76 /* RefusedAddBookAccessPopup.strings in Resources */ = {isa = PBXBuildFile; fileRef = 9C249FAF17C7044A00A62A76 /* RefusedAddBookAccessPopup.strings */; };
		9C249FC617C705CE00A62A76 /* ReportIssueMailView.strings in Resources */ = {isa = PBXBuildFile; fileRef = 9C249FB117C7044A00A62A76 /* ReportIssueMailView.strings */; };
		9C2D6F6B17C739CC0041636A /* TutorialView.strings in Resources */ = {isa = PBXBuildFile; fileRef = 9C2D6F6917C739CC0041636A /* TutorialView.strings */; };
		9C2D6F7117C73AB00041636A /* tutorial-1-fr.png in Resources */ = {isa = PBXBuildFile; fileRef = 9C2D6F6C17C73AB00041636A /* tutorial-1-fr.png */; };
		9C2D6F7217C73AB00041636A /* tutorial-2-fr.png in Resources */ = {isa = PBXBuildFile; fileRef = 9C2D6F6D17C73AB00041636A /* tutorial-2-fr.png */; };
		9C2D6F7317C73AB00041636A /* tutorial-3-fr.png in Resources */ = {isa = PBXBuildFile; fileRef = 9C2D6F6E17C73AB00041636A /* tutorial-3-fr.png */; };
		9C2D6F7417C73AB00041636A /* tutorial-4-fr.png in Resources */ = {isa = PBXBuildFile; fileRef = 9C2D6F6F17C73AB00041636A /* tutorial-4-fr.png */; };
		9C2D6F7517C73AB00041636A /* tutorial-5-fr.png in Resources */ = {isa = PBXBuildFile; fileRef = 9C2D6F7017C73AB00041636A /* tutorial-5-fr.png */; };
		9C345E3617B8960D00618320 /* RMPhoneFormat.m in Sources */ = {isa = PBXBuildFile; fileRef = 9C345E3117B8960D00618320 /* RMPhoneFormat.m */; };
		9C345E3717B8960D00618320 /* RNBlurModalView.m in Sources */ = {isa = PBXBuildFile; fileRef = 9C345E3317B8960D00618320 /* RNBlurModalView.m */; };
		9C345E3817B8960D00618320 /* UIDevice-Hardware.m in Sources */ = {isa = PBXBuildFile; fileRef = 9C345E3517B8960D00618320 /* UIDevice-Hardware.m */; };
		9C345E3A17B8967600618320 /* mail-black.png in Resources */ = {isa = PBXBuildFile; fileRef = 9C345E3917B8967600618320 /* mail-black.png */; };
		9C35918A1738056800764635 /* Accelerate.framework in Frameworks */ = {isa = PBXBuildFile; fileRef = 9C3591891738056800764635 /* Accelerate.framework */; };
		9C78167B1747C62F00F66500 /* MessageUI.framework in Frameworks */ = {isa = PBXBuildFile; fileRef = 9C78167A1747C62F00F66500 /* MessageUI.framework */; };
		9C989F8F17C739220040FD10 /* TutorialView.strings in Resources */ = {isa = PBXBuildFile; fileRef = 9C989F8D17C739220040FD10 /* TutorialView.strings */; };
		9CA6B9D216BAD16D006EAF8D /* UIKit.framework in Frameworks */ = {isa = PBXBuildFile; fileRef = 9CA6B9D116BAD16D006EAF8D /* UIKit.framework */; };
		9CA6B9D416BAD16D006EAF8D /* Foundation.framework in Frameworks */ = {isa = PBXBuildFile; fileRef = 9CA6B9D316BAD16D006EAF8D /* Foundation.framework */; };
		9CA6B9D616BAD16D006EAF8D /* CoreGraphics.framework in Frameworks */ = {isa = PBXBuildFile; fileRef = 9CA6B9D516BAD16D006EAF8D /* CoreGraphics.framework */; };
		9CA6B9F616BAD884006EAF8D /* AddressBook.framework in Frameworks */ = {isa = PBXBuildFile; fileRef = 9CA6B9F416BAD884006EAF8D /* AddressBook.framework */; };
		9CA6B9F716BAD884006EAF8D /* AddressBookUI.framework in Frameworks */ = {isa = PBXBuildFile; fileRef = 9CA6B9F516BAD884006EAF8D /* AddressBookUI.framework */; };
		9CA8A8F416BD348A0053C1C5 /* QuartzCore.framework in Frameworks */ = {isa = PBXBuildFile; fileRef = 9CA8A8F316BD348A0053C1C5 /* QuartzCore.framework */; };
		9CF5DFC917C6DB8D00D696E9 /* backbutton.png in Resources */ = {isa = PBXBuildFile; fileRef = 9CF5DFC817C6DB8D00D696E9 /* backbutton.png */; };
/* End PBXBuildFile section */

/* Begin PBXFileReference section */
		9C0826B317B8924C00AB6C36 /* main.m */ = {isa = PBXFileReference; fileEncoding = 4; lastKnownFileType = sourcecode.c.objc; name = main.m; path = SimpleContact/main.m; sourceTree = SOURCE_ROOT; };
		9C0826B617B8924C00AB6C36 /* SCAppDelegate.h */ = {isa = PBXFileReference; fileEncoding = 4; lastKnownFileType = sourcecode.c.h; name = SCAppDelegate.h; path = SimpleContact/SCAppDelegate.h; sourceTree = SOURCE_ROOT; };
		9C0826B717B8924C00AB6C36 /* SCAppDelegate.m */ = {isa = PBXFileReference; fileEncoding = 4; lastKnownFileType = sourcecode.c.objc; name = SCAppDelegate.m; path = SimpleContact/SCAppDelegate.m; sourceTree = SOURCE_ROOT; };
		9C0826BA17B8924C00AB6C36 /* SCContact.h */ = {isa = PBXFileReference; fileEncoding = 4; lastKnownFileType = sourcecode.c.h; name = SCContact.h; path = SimpleContact/SCContact.h; sourceTree = SOURCE_ROOT; };
		9C0826BB17B8924C00AB6C36 /* SCContact.m */ = {isa = PBXFileReference; fileEncoding = 4; lastKnownFileType = sourcecode.c.objc; name = SCContact.m; path = SimpleContact/SCContact.m; sourceTree = SOURCE_ROOT; };
		9C0826BC17B8924C00AB6C36 /* SCContactCell.h */ = {isa = PBXFileReference; fileEncoding = 4; lastKnownFileType = sourcecode.c.h; name = SCContactCell.h; path = SimpleContact/SCContactCell.h; sourceTree = SOURCE_ROOT; };
		9C0826BD17B8924C00AB6C36 /* SCContactCell.m */ = {isa = PBXFileReference; fileEncoding = 4; lastKnownFileType = sourcecode.c.objc; name = SCContactCell.m; path = SimpleContact/SCContactCell.m; sourceTree = SOURCE_ROOT; };
		9C0826BE17B8924C00AB6C36 /* SCContactJoiner.h */ = {isa = PBXFileReference; fileEncoding = 4; lastKnownFileType = sourcecode.c.h; name = SCContactJoiner.h; path = SimpleContact/SCContactJoiner.h; sourceTree = SOURCE_ROOT; };
		9C0826BF17B8924C00AB6C36 /* SCContactJoiner.m */ = {isa = PBXFileReference; fileEncoding = 4; lastKnownFileType = sourcecode.c.objc; name = SCContactJoiner.m; path = SimpleContact/SCContactJoiner.m; sourceTree = SOURCE_ROOT; };
		9C0826C017B8924C00AB6C36 /* SCContactList.h */ = {isa = PBXFileReference; fileEncoding = 4; lastKnownFileType = sourcecode.c.h; name = SCContactList.h; path = SimpleContact/SCContactList.h; sourceTree = SOURCE_ROOT; };
		9C0826C117B8924C00AB6C36 /* SCContactList.m */ = {isa = PBXFileReference; fileEncoding = 4; lastKnownFileType = sourcecode.c.objc; name = SCContactList.m; path = SimpleContact/SCContactList.m; sourceTree = SOURCE_ROOT; };
		9C0826C217B8924C00AB6C36 /* SCFavorite.h */ = {isa = PBXFileReference; fileEncoding = 4; lastKnownFileType = sourcecode.c.h; name = SCFavorite.h; path = SimpleContact/SCFavorite.h; sourceTree = SOURCE_ROOT; };
		9C0826C317B8924C00AB6C36 /* SCFavorite.m */ = {isa = PBXFileReference; fileEncoding = 4; lastKnownFileType = sourcecode.c.objc; name = SCFavorite.m; path = SimpleContact/SCFavorite.m; sourceTree = SOURCE_ROOT; };
		9C0826C417B8924C00AB6C36 /* SCFavoriteCell.h */ = {isa = PBXFileReference; fileEncoding = 4; lastKnownFileType = sourcecode.c.h; name = SCFavoriteCell.h; path = SimpleContact/SCFavoriteCell.h; sourceTree = SOURCE_ROOT; };
		9C0826C517B8924C00AB6C36 /* SCFavoriteCell.m */ = {isa = PBXFileReference; fileEncoding = 4; lastKnownFileType = sourcecode.c.objc; name = SCFavoriteCell.m; path = SimpleContact/SCFavoriteCell.m; sourceTree = SOURCE_ROOT; };
		9C0826C617B8924C00AB6C36 /* SCFavoritesHandler.h */ = {isa = PBXFileReference; fileEncoding = 4; lastKnownFileType = sourcecode.c.h; name = SCFavoritesHandler.h; path = SimpleContact/SCFavoritesHandler.h; sourceTree = SOURCE_ROOT; };
		9C0826C717B8924C00AB6C36 /* SCFavoritesHandler.m */ = {isa = PBXFileReference; fileEncoding = 4; lastKnownFileType = sourcecode.c.objc; name = SCFavoritesHandler.m; path = SimpleContact/SCFavoritesHandler.m; sourceTree = SOURCE_ROOT; };
		9C0826C817B8924C00AB6C36 /* SCFavoritesViewController.h */ = {isa = PBXFileReference; fileEncoding = 4; lastKnownFileType = sourcecode.c.h; name = SCFavoritesViewController.h; path = SimpleContact/SCFavoritesViewController.h; sourceTree = SOURCE_ROOT; };
		9C0826C917B8924C00AB6C36 /* SCFavoritesViewController.m */ = {isa = PBXFileReference; fileEncoding = 4; lastKnownFileType = sourcecode.c.objc; name = SCFavoritesViewController.m; path = SimpleContact/SCFavoritesViewController.m; sourceTree = SOURCE_ROOT; };
		9C0826CA17B8924C00AB6C36 /* SCKindHandler.h */ = {isa = PBXFileReference; fileEncoding = 4; lastKnownFileType = sourcecode.c.h; name = SCKindHandler.h; path = SimpleContact/SCKindHandler.h; sourceTree = SOURCE_ROOT; };
		9C0826CB17B8924C00AB6C36 /* SCKindHandler.m */ = {isa = PBXFileReference; fileEncoding = 4; lastKnownFileType = sourcecode.c.objc; name = SCKindHandler.m; path = SimpleContact/SCKindHandler.m; sourceTree = SOURCE_ROOT; };
		9C0826CC17B8924C00AB6C36 /* SCMainTableViewController.h */ = {isa = PBXFileReference; fileEncoding = 4; lastKnownFileType = sourcecode.c.h; name = SCMainTableViewController.h; path = SimpleContact/SCMainTableViewController.h; sourceTree = SOURCE_ROOT; };
		9C0826CD17B8924C00AB6C36 /* SCMainTableViewController.m */ = {isa = PBXFileReference; fileEncoding = 4; lastKnownFileType = sourcecode.c.objc; name = SCMainTableViewController.m; path = SimpleContact/SCMainTableViewController.m; sourceTree = SOURCE_ROOT; };
		9C0826CE17B8924C00AB6C36 /* SCModalViewController.h */ = {isa = PBXFileReference; fileEncoding = 4; lastKnownFileType = sourcecode.c.h; name = SCModalViewController.h; path = SimpleContact/SCModalViewController.h; sourceTree = SOURCE_ROOT; };
		9C0826CF17B8924C00AB6C36 /* SCModalViewController.m */ = {isa = PBXFileReference; fileEncoding = 4; lastKnownFileType = sourcecode.c.objc; name = SCModalViewController.m; path = SimpleContact/SCModalViewController.m; sourceTree = SOURCE_ROOT; };
		9C0826D017B8924C00AB6C36 /* SCNavigationBar.h */ = {isa = PBXFileReference; fileEncoding = 4; lastKnownFileType = sourcecode.c.h; name = SCNavigationBar.h; path = SimpleContact/SCNavigationBar.h; sourceTree = SOURCE_ROOT; };
		9C0826D117B8924C00AB6C36 /* SCNavigationBar.m */ = {isa = PBXFileReference; fileEncoding = 4; lastKnownFileType = sourcecode.c.objc; name = SCNavigationBar.m; path = SimpleContact/SCNavigationBar.m; sourceTree = SOURCE_ROOT; };
		9C0826D217B8924C00AB6C36 /* SCNumberCell.h */ = {isa = PBXFileReference; fileEncoding = 4; lastKnownFileType = sourcecode.c.h; name = SCNumberCell.h; path = SimpleContact/SCNumberCell.h; sourceTree = SOURCE_ROOT; };
		9C0826D317B8924C00AB6C36 /* SCNumberCell.m */ = {isa = PBXFileReference; fileEncoding = 4; lastKnownFileType = sourcecode.c.objc; name = SCNumberCell.m; path = SimpleContact/SCNumberCell.m; sourceTree = SOURCE_ROOT; };
		9C0826D417B8924C00AB6C36 /* SCSettingsDelegate.h */ = {isa = PBXFileReference; fileEncoding = 4; lastKnownFileType = sourcecode.c.h; name = SCSettingsDelegate.h; path = SimpleContact/SCSettingsDelegate.h; sourceTree = SOURCE_ROOT; };
		9C0826D517B8924C00AB6C36 /* SCSettingsHandler.h */ = {isa = PBXFileReference; fileEncoding = 4; lastKnownFileType = sourcecode.c.h; name = SCSettingsHandler.h; path = SimpleContact/SCSettingsHandler.h; sourceTree = SOURCE_ROOT; };
		9C0826D617B8924C00AB6C36 /* SCSettingsHandler.m */ = {isa = PBXFileReference; fileEncoding = 4; lastKnownFileType = sourcecode.c.objc; name = SCSettingsHandler.m; path = SimpleContact/SCSettingsHandler.m; sourceTree = SOURCE_ROOT; };
		9C0826D717B8924C00AB6C36 /* SCSettingsTableViewController.h */ = {isa = PBXFileReference; fileEncoding = 4; lastKnownFileType = sourcecode.c.h; name = SCSettingsTableViewController.h; path = SimpleContact/SCSettingsTableViewController.h; sourceTree = SOURCE_ROOT; };
		9C0826D817B8924C00AB6C36 /* SCSettingsTableViewController.m */ = {isa = PBXFileReference; fileEncoding = 4; lastKnownFileType = sourcecode.c.objc; name = SCSettingsTableViewController.m; path = SimpleContact/SCSettingsTableViewController.m; sourceTree = SOURCE_ROOT; };
		9C0826D917B8924C00AB6C36 /* SCTutorialViewController.h */ = {isa = PBXFileReference; fileEncoding = 4; lastKnownFileType = sourcecode.c.h; name = SCTutorialViewController.h; path = SimpleContact/SCTutorialViewController.h; sourceTree = SOURCE_ROOT; };
		9C0826DA17B8924C00AB6C36 /* SCTutorialViewController.m */ = {isa = PBXFileReference; fileEncoding = 4; lastKnownFileType = sourcecode.c.objc; name = SCTutorialViewController.m; path = SimpleContact/SCTutorialViewController.m; sourceTree = SOURCE_ROOT; };
		9C0826DB17B8924C00AB6C36 /* Settings.plist */ = {isa = PBXFileReference; fileEncoding = 4; lastKnownFileType = text.plist.xml; name = Settings.plist; path = SimpleContact/Settings.plist; sourceTree = SOURCE_ROOT; };
		9C0826DC17B8924C00AB6C36 /* SimpleContact-Info.plist */ = {isa = PBXFileReference; fileEncoding = 4; lastKnownFileType = text.plist.xml; name = "SimpleContact-Info.plist"; path = "SimpleContact/SimpleContact-Info.plist"; sourceTree = SOURCE_ROOT; };
		9C0826DD17B8924C00AB6C36 /* SimpleContact-Prefix.pch */ = {isa = PBXFileReference; fileEncoding = 4; lastKnownFileType = sourcecode.c.h; name = "SimpleContact-Prefix.pch"; path = "SimpleContact/SimpleContact-Prefix.pch"; sourceTree = SOURCE_ROOT; };
		9C0826F717B8936700AB6C36 /* PhoneFormats.dat */ = {isa = PBXFileReference; lastKnownFileType = file; name = PhoneFormats.dat; path = SimpleContact/ressources/PhoneFormats.dat; sourceTree = SOURCE_ROOT; };
		9C0826F917B893E200AB6C36 /* 29x29.png */ = {isa = PBXFileReference; lastKnownFileType = image.png; name = 29x29.png; path = SimpleContact/images/29x29.png; sourceTree = SOURCE_ROOT; };
		9C0826FA17B893E200AB6C36 /* 57x57.png */ = {isa = PBXFileReference; lastKnownFileType = image.png; name = 57x57.png; path = SimpleContact/images/57x57.png; sourceTree = SOURCE_ROOT; };
		9C0826FB17B893E200AB6C36 /* 58x58.png */ = {isa = PBXFileReference; lastKnownFileType = image.png; name = 58x58.png; path = SimpleContact/images/58x58.png; sourceTree = SOURCE_ROOT; };
		9C0826FC17B893E200AB6C36 /* 80x80.png */ = {isa = PBXFileReference; lastKnownFileType = image.png; name = 80x80.png; path = SimpleContact/images/80x80.png; sourceTree = SOURCE_ROOT; };
		9C0826FD17B893E200AB6C36 /* 114x114.png */ = {isa = PBXFileReference; lastKnownFileType = image.png; name = 114x114.png; path = SimpleContact/images/114x114.png; sourceTree = SOURCE_ROOT; };
		9C0826FE17B893E200AB6C36 /* 120x120.png */ = {isa = PBXFileReference; lastKnownFileType = image.png; name = 120x120.png; path = SimpleContact/images/120x120.png; sourceTree = SOURCE_ROOT; };
		9C08270517B8940700AB6C36 /* Default-568h@2x.png */ = {isa = PBXFileReference; lastKnownFileType = image.png; name = "Default-568h@2x.png"; path = "SimpleContact/images/Default-568h@2x.png"; sourceTree = SOURCE_ROOT; };
		9C08270617B8940700AB6C36 /* Default.png */ = {isa = PBXFileReference; lastKnownFileType = image.png; name = Default.png; path = SimpleContact/images/Default.png; sourceTree = SOURCE_ROOT; };
		9C08270717B8940700AB6C36 /* Default@2x.png */ = {isa = PBXFileReference; lastKnownFileType = image.png; name = "Default@2x.png"; path = "SimpleContact/images/Default@2x.png"; sourceTree = SOURCE_ROOT; };
		9C08270B17B8941400AB6C36 /* 1024x1024.png */ = {isa = PBXFileReference; lastKnownFileType = image.png; name = 1024x1024.png; path = SimpleContact/images/1024x1024.png; sourceTree = SOURCE_ROOT; };
		9C08270E17B8942F00AB6C36 /* facetime-black.png */ = {isa = PBXFileReference; lastKnownFileType = image.png; name = "facetime-black.png"; path = "SimpleContact/images/facetime-black.png"; sourceTree = SOURCE_ROOT; };
		9C08270F17B8942F00AB6C36 /* facetime-white.png */ = {isa = PBXFileReference; lastKnownFileType = image.png; name = "facetime-white.png"; path = "SimpleContact/images/facetime-white.png"; sourceTree = SOURCE_ROOT; };
		9C08271017B8942F00AB6C36 /* favorite-flag.png */ = {isa = PBXFileReference; lastKnownFileType = image.png; name = "favorite-flag.png"; path = "SimpleContact/images/favorite-flag.png"; sourceTree = SOURCE_ROOT; };
		9C08271117B8942F00AB6C36 /* label-home.png */ = {isa = PBXFileReference; lastKnownFileType = image.png; name = "label-home.png"; path = "SimpleContact/images/label-home.png"; sourceTree = SOURCE_ROOT; };
		9C08271217B8942F00AB6C36 /* label-mobile.png */ = {isa = PBXFileReference; lastKnownFileType = image.png; name = "label-mobile.png"; path = "SimpleContact/images/label-mobile.png"; sourceTree = SOURCE_ROOT; };
		9C08271317B8942F00AB6C36 /* label-work.png */ = {isa = PBXFileReference; lastKnownFileType = image.png; name = "label-work.png"; path = "SimpleContact/images/label-work.png"; sourceTree = SOURCE_ROOT; };
		9C08271417B8942F00AB6C36 /* mail-white.png */ = {isa = PBXFileReference; lastKnownFileType = image.png; name = "mail-white.png"; path = "SimpleContact/images/mail-white.png"; sourceTree = SOURCE_ROOT; };
		9C08271517B8942F00AB6C36 /* navigationbar-background.png */ = {isa = PBXFileReference; lastKnownFileType = image.png; name = "navigationbar-background.png"; path = "SimpleContact/images/navigationbar-background.png"; sourceTree = SOURCE_ROOT; };
		9C08271617B8942F00AB6C36 /* phone-black.png */ = {isa = PBXFileReference; lastKnownFileType = image.png; name = "phone-black.png"; path = "SimpleContact/images/phone-black.png"; sourceTree = SOURCE_ROOT; };
		9C08271717B8942F00AB6C36 /* phone-white.png */ = {isa = PBXFileReference; lastKnownFileType = image.png; name = "phone-white.png"; path = "SimpleContact/images/phone-white.png"; sourceTree = SOURCE_ROOT; };
		9C08271817B8942F00AB6C36 /* settings.png */ = {isa = PBXFileReference; lastKnownFileType = image.png; name = settings.png; path = SimpleContact/images/settings.png; sourceTree = SOURCE_ROOT; };
		9C08271917B8942F00AB6C36 /* text-black.png */ = {isa = PBXFileReference; lastKnownFileType = image.png; name = "text-black.png"; path = "SimpleContact/images/text-black.png"; sourceTree = SOURCE_ROOT; };
		9C08271A17B8942F00AB6C36 /* text-white.png */ = {isa = PBXFileReference; lastKnownFileType = image.png; name = "text-white.png"; path = "SimpleContact/images/text-white.png"; sourceTree = SOURCE_ROOT; };
		9C08272017B8942F00AB6C36 /* unavailable-overlay.png */ = {isa = PBXFileReference; lastKnownFileType = image.png; name = "unavailable-overlay.png"; path = "SimpleContact/images/unavailable-overlay.png"; sourceTree = SOURCE_ROOT; };
		9C08272117B8942F00AB6C36 /* unknown-user.png */ = {isa = PBXFileReference; lastKnownFileType = image.png; name = "unknown-user.png"; path = "SimpleContact/images/unknown-user.png"; sourceTree = SOURCE_ROOT; };
		9C08272217B8942F00AB6C36 /* validation-tick.png */ = {isa = PBXFileReference; lastKnownFileType = image.png; name = "validation-tick.png"; path = "SimpleContact/images/validation-tick.png"; sourceTree = SOURCE_ROOT; };
		9C249FAA17C7044900A62A76 /* en */ = {isa = PBXFileReference; lastKnownFileType = text.plist.strings; name = en; path = AppSettingsView.strings; sourceTree = "<group>"; };
		9C249FAE17C7044A00A62A76 /* en */ = {isa = PBXFileReference; lastKnownFileType = file.storyboard; name = en; path = MainStoryboard.storyboard; sourceTree = "<group>"; };
		9C249FB017C7044A00A62A76 /* en */ = {isa = PBXFileReference; lastKnownFileType = text.plist.strings; name = en; path = RefusedAddBookAccessPopup.strings; sourceTree = "<group>"; };
		9C249FB217C7044A00A62A76 /* en */ = {isa = PBXFileReference; lastKnownFileType = text.plist.strings; name = en; path = ReportIssueMailView.strings; sourceTree = "<group>"; };
		9C249FB517C7044A00A62A76 /* fr */ = {isa = PBXFileReference; lastKnownFileType = text.plist.strings; name = fr; path = AppSettingsView.strings; sourceTree = "<group>"; };
		9C249FB917C7044A00A62A76 /* fr */ = {isa = PBXFileReference; lastKnownFileType = file.storyboard; name = fr; path = MainStoryboard.storyboard; sourceTree = "<group>"; };
		9C249FBB17C7044A00A62A76 /* fr */ = {isa = PBXFileReference; lastKnownFileType = text.plist.strings; name = fr; path = RefusedAddBookAccessPopup.strings; sourceTree = "<group>"; };
		9C249FBD17C7044A00A62A76 /* fr */ = {isa = PBXFileReference; lastKnownFileType = text.plist.strings; name = fr; path = ReportIssueMailView.strings; sourceTree = "<group>"; };
		9C2D6F6A17C739CC0041636A /* fr */ = {isa = PBXFileReference; lastKnownFileType = text.plist.strings; name = fr; path = TutorialView.strings; sourceTree = "<group>"; };
		9C2D6F6C17C73AB00041636A /* tutorial-1-fr.png */ = {isa = PBXFileReference; lastKnownFileType = image.png; name = "tutorial-1-fr.png"; path = "SimpleContact/images/tutorial-1-fr.png"; sourceTree = SOURCE_ROOT; };
		9C2D6F6D17C73AB00041636A /* tutorial-2-fr.png */ = {isa = PBXFileReference; lastKnownFileType = image.png; name = "tutorial-2-fr.png"; path = "SimpleContact/images/tutorial-2-fr.png"; sourceTree = SOURCE_ROOT; };
		9C2D6F6E17C73AB00041636A /* tutorial-3-fr.png */ = {isa = PBXFileReference; lastKnownFileType = image.png; name = "tutorial-3-fr.png"; path = "SimpleContact/images/tutorial-3-fr.png"; sourceTree = SOURCE_ROOT; };
		9C2D6F6F17C73AB00041636A /* tutorial-4-fr.png */ = {isa = PBXFileReference; lastKnownFileType = image.png; name = "tutorial-4-fr.png"; path = "SimpleContact/images/tutorial-4-fr.png"; sourceTree = SOURCE_ROOT; };
		9C2D6F7017C73AB00041636A /* tutorial-5-fr.png */ = {isa = PBXFileReference; lastKnownFileType = image.png; name = "tutorial-5-fr.png"; path = "SimpleContact/images/tutorial-5-fr.png"; sourceTree = SOURCE_ROOT; };
		9C345E3017B8960D00618320 /* RMPhoneFormat.h */ = {isa = PBXFileReference; fileEncoding = 4; lastKnownFileType = sourcecode.c.h; name = RMPhoneFormat.h; path = SimpleContact/ressources/RMPhoneFormat.h; sourceTree = SOURCE_ROOT; };
		9C345E3117B8960D00618320 /* RMPhoneFormat.m */ = {isa = PBXFileReference; fileEncoding = 4; lastKnownFileType = sourcecode.c.objc; name = RMPhoneFormat.m; path = SimpleContact/ressources/RMPhoneFormat.m; sourceTree = SOURCE_ROOT; };
		9C345E3217B8960D00618320 /* RNBlurModalView.h */ = {isa = PBXFileReference; fileEncoding = 4; lastKnownFileType = sourcecode.c.h; name = RNBlurModalView.h; path = SimpleContact/ressources/RNBlurModalView.h; sourceTree = SOURCE_ROOT; };
		9C345E3317B8960D00618320 /* RNBlurModalView.m */ = {isa = PBXFileReference; fileEncoding = 4; lastKnownFileType = sourcecode.c.objc; name = RNBlurModalView.m; path = SimpleContact/ressources/RNBlurModalView.m; sourceTree = SOURCE_ROOT; };
		9C345E3417B8960D00618320 /* UIDevice-Hardware.h */ = {isa = PBXFileReference; fileEncoding = 4; lastKnownFileType = sourcecode.c.h; name = "UIDevice-Hardware.h"; path = "SimpleContact/ressources/UIDevice-Hardware.h"; sourceTree = SOURCE_ROOT; };
		9C345E3517B8960D00618320 /* UIDevice-Hardware.m */ = {isa = PBXFileReference; fileEncoding = 4; lastKnownFileType = sourcecode.c.objc; name = "UIDevice-Hardware.m"; path = "SimpleContact/ressources/UIDevice-Hardware.m"; sourceTree = SOURCE_ROOT; };
		9C345E3917B8967600618320 /* mail-black.png */ = {isa = PBXFileReference; lastKnownFileType = image.png; name = "mail-black.png"; path = "SimpleContact/images/mail-black.png"; sourceTree = SOURCE_ROOT; };
		9C3591891738056800764635 /* Accelerate.framework */ = {isa = PBXFileReference; lastKnownFileType = wrapper.framework; name = Accelerate.framework; path = System/Library/Frameworks/Accelerate.framework; sourceTree = SDKROOT; };
		9C78167A1747C62F00F66500 /* MessageUI.framework */ = {isa = PBXFileReference; lastKnownFileType = wrapper.framework; name = MessageUI.framework; path = System/Library/Frameworks/MessageUI.framework; sourceTree = SDKROOT; };
		9C989F8E17C739220040FD10 /* en */ = {isa = PBXFileReference; lastKnownFileType = text.plist.strings; name = en; path = TutorialView.strings; sourceTree = "<group>"; };
		9CA6B9CE16BAD16D006EAF8D /* SimpleContact.app */ = {isa = PBXFileReference; explicitFileType = wrapper.application; includeInIndex = 0; path = SimpleContact.app; sourceTree = BUILT_PRODUCTS_DIR; };
		9CA6B9D116BAD16D006EAF8D /* UIKit.framework */ = {isa = PBXFileReference; lastKnownFileType = wrapper.framework; name = UIKit.framework; path = System/Library/Frameworks/UIKit.framework; sourceTree = SDKROOT; };
		9CA6B9D316BAD16D006EAF8D /* Foundation.framework */ = {isa = PBXFileReference; lastKnownFileType = wrapper.framework; name = Foundation.framework; path = System/Library/Frameworks/Foundation.framework; sourceTree = SDKROOT; };
		9CA6B9D516BAD16D006EAF8D /* CoreGraphics.framework */ = {isa = PBXFileReference; lastKnownFileType = wrapper.framework; name = CoreGraphics.framework; path = System/Library/Frameworks/CoreGraphics.framework; sourceTree = SDKROOT; };
		9CA6B9F416BAD884006EAF8D /* AddressBook.framework */ = {isa = PBXFileReference; lastKnownFileType = wrapper.framework; name = AddressBook.framework; path = System/Library/Frameworks/AddressBook.framework; sourceTree = SDKROOT; };
		9CA6B9F516BAD884006EAF8D /* AddressBookUI.framework */ = {isa = PBXFileReference; lastKnownFileType = wrapper.framework; name = AddressBookUI.framework; path = System/Library/Frameworks/AddressBookUI.framework; sourceTree = SDKROOT; };
		9CA8A8F316BD348A0053C1C5 /* QuartzCore.framework */ = {isa = PBXFileReference; lastKnownFileType = wrapper.framework; name = QuartzCore.framework; path = System/Library/Frameworks/QuartzCore.framework; sourceTree = SDKROOT; };
		9CF5DFC817C6DB8D00D696E9 /* backbutton.png */ = {isa = PBXFileReference; lastKnownFileType = image.png; name = backbutton.png; path = SimpleContact/images/backbutton.png; sourceTree = SOURCE_ROOT; };
/* End PBXFileReference section */

/* Begin PBXFrameworksBuildPhase section */
		9CA6B9CB16BAD16D006EAF8D /* Frameworks */ = {
			isa = PBXFrameworksBuildPhase;
			buildActionMask = 2147483647;
			files = (
				9C78167B1747C62F00F66500 /* MessageUI.framework in Frameworks */,
				9C35918A1738056800764635 /* Accelerate.framework in Frameworks */,
				9CA8A8F416BD348A0053C1C5 /* QuartzCore.framework in Frameworks */,
				9CA6B9F616BAD884006EAF8D /* AddressBook.framework in Frameworks */,
				9CA6B9F716BAD884006EAF8D /* AddressBookUI.framework in Frameworks */,
				9CA6B9D216BAD16D006EAF8D /* UIKit.framework in Frameworks */,
				9CA6B9D416BAD16D006EAF8D /* Foundation.framework in Frameworks */,
				9CA6B9D616BAD16D006EAF8D /* CoreGraphics.framework in Frameworks */,
			);
			runOnlyForDeploymentPostprocessing = 0;
		};
/* End PBXFrameworksBuildPhase section */

/* Begin PBXGroup section */
		9C017A2E176F03FA00A68013 /* App icon */ = {
			isa = PBXGroup;
			children = (
				9C0826F917B893E200AB6C36 /* 29x29.png */,
				9C0826FA17B893E200AB6C36 /* 57x57.png */,
				9C0826FB17B893E200AB6C36 /* 58x58.png */,
				9C0826FC17B893E200AB6C36 /* 80x80.png */,
				9C0826FD17B893E200AB6C36 /* 114x114.png */,
				9C0826FE17B893E200AB6C36 /* 120x120.png */,
				9C08270B17B8941400AB6C36 /* 1024x1024.png */,
			);
			name = "App icon";
			sourceTree = "<group>";
		};
		9C017A2F176F040700A68013 /* Launch image */ = {
			isa = PBXGroup;
			children = (
				9C08270617B8940700AB6C36 /* Default.png */,
				9C08270717B8940700AB6C36 /* Default@2x.png */,
				9C08270517B8940700AB6C36 /* Default-568h@2x.png */,
			);
			name = "Launch image";
			sourceTree = "<group>";
		};
		9C017A30176F042600A68013 /* App images */ = {
			isa = PBXGroup;
			children = (
				9C2D6F6C17C73AB00041636A /* tutorial-1-fr.png */,
				9C2D6F6D17C73AB00041636A /* tutorial-2-fr.png */,
				9C2D6F6E17C73AB00041636A /* tutorial-3-fr.png */,
				9C2D6F6F17C73AB00041636A /* tutorial-4-fr.png */,
				9C2D6F7017C73AB00041636A /* tutorial-5-fr.png */,
				9CF5DFC817C6DB8D00D696E9 /* backbutton.png */,
				9C08271517B8942F00AB6C36 /* navigationbar-background.png */,
				9C08271817B8942F00AB6C36 /* settings.png */,
				9C08272217B8942F00AB6C36 /* validation-tick.png */,
				9C08271017B8942F00AB6C36 /* favorite-flag.png */,
				9C08271117B8942F00AB6C36 /* label-home.png */,
				9C08271217B8942F00AB6C36 /* label-mobile.png */,
				9C08271317B8942F00AB6C36 /* label-work.png */,
				9C08270E17B8942F00AB6C36 /* facetime-black.png */,
				9C08270F17B8942F00AB6C36 /* facetime-white.png */,
				9C345E3917B8967600618320 /* mail-black.png */,
				9C08271417B8942F00AB6C36 /* mail-white.png */,
				9C08271617B8942F00AB6C36 /* phone-black.png */,
				9C08271717B8942F00AB6C36 /* phone-white.png */,
				9C08271917B8942F00AB6C36 /* text-black.png */,
				9C08271A17B8942F00AB6C36 /* text-white.png */,
				9C08272017B8942F00AB6C36 /* unavailable-overlay.png */,
				9C08272117B8942F00AB6C36 /* unknown-user.png */,
			);
			name = "App images";
			sourceTree = "<group>";
		};
		9C017A31176F047500A68013 /* Default conf files */ = {
			isa = PBXGroup;
			children = (
				9C0826DB17B8924C00AB6C36 /* Settings.plist */,
			);
			name = "Default conf files";
			sourceTree = "<group>";
		};
		9C249FA817C7044900A62A76 /* en.lproj */ = {
			isa = PBXGroup;
			children = (
				9C249FAD17C7044A00A62A76 /* MainStoryboard.storyboard */,
				9C249FA917C7044900A62A76 /* AppSettingsView.strings */,
				9C249FAF17C7044A00A62A76 /* RefusedAddBookAccessPopup.strings */,
				9C249FB117C7044A00A62A76 /* ReportIssueMailView.strings */,
				9C989F8D17C739220040FD10 /* TutorialView.strings */,
			);
			name = en.lproj;
			path = SimpleContact/en.lproj;
			sourceTree = SOURCE_ROOT;
		};
		9C249FB317C7044A00A62A76 /* fr.lproj */ = {
			isa = PBXGroup;
			children = (
				9C249FB817C7044A00A62A76 /* MainStoryboard.storyboard */,
				9C249FB417C7044A00A62A76 /* AppSettingsView.strings */,
				9C249FBA17C7044A00A62A76 /* RefusedAddBookAccessPopup.strings */,
				9C249FBC17C7044A00A62A76 /* ReportIssueMailView.strings */,
				9C2D6F6917C739CC0041636A /* TutorialView.strings */,
			);
			name = fr.lproj;
			path = SimpleContact/fr.lproj;
			sourceTree = SOURCE_ROOT;
		};
		9C3591931738237B00764635 /* Modal view */ = {
			isa = PBXGroup;
			children = (
				9C0826CE17B8924C00AB6C36 /* SCModalViewController.h */,
				9C0826CF17B8924C00AB6C36 /* SCModalViewController.m */,
				9C0826D217B8924C00AB6C36 /* SCNumberCell.h */,
				9C0826D317B8924C00AB6C36 /* SCNumberCell.m */,
			);
			name = "Modal view";
			sourceTree = "<group>";
		};
		9C42A46B1786B3A400591BC9 /* Settings view */ = {
			isa = PBXGroup;
			children = (
				9C0826D417B8924C00AB6C36 /* SCSettingsDelegate.h */,
				9C0826D717B8924C00AB6C36 /* SCSettingsTableViewController.h */,
				9C0826D817B8924C00AB6C36 /* SCSettingsTableViewController.m */,
			);
			name = "Settings view";
			sourceTree = "<group>";
		};
		9C6F605E174562BA002753D7 /* Main view */ = {
			isa = PBXGroup;
			children = (
				9C0826CC17B8924C00AB6C36 /* SCMainTableViewController.h */,
				9C0826CD17B8924C00AB6C36 /* SCMainTableViewController.m */,
				9C0826BC17B8924C00AB6C36 /* SCContactCell.h */,
				9C0826BD17B8924C00AB6C36 /* SCContactCell.m */,
			);
			name = "Main view";
			sourceTree = "<group>";
		};
		9C742BF317A3E79A003718D7 /* Utilities */ = {
			isa = PBXGroup;
			children = (
				9C0826BE17B8924C00AB6C36 /* SCContactJoiner.h */,
				9C0826BF17B8924C00AB6C36 /* SCContactJoiner.m */,
				9C0826C617B8924C00AB6C36 /* SCFavoritesHandler.h */,
				9C0826C717B8924C00AB6C36 /* SCFavoritesHandler.m */,
				9C0826CA17B8924C00AB6C36 /* SCKindHandler.h */,
				9C0826CB17B8924C00AB6C36 /* SCKindHandler.m */,
				9C0826D517B8924C00AB6C36 /* SCSettingsHandler.h */,
				9C0826D617B8924C00AB6C36 /* SCSettingsHandler.m */,
			);
			name = Utilities;
			sourceTree = "<group>";
		};
		9C99C9C71768F76B00A3F594 /* Favorites view */ = {
			isa = PBXGroup;
			children = (
				9C0826C817B8924C00AB6C36 /* SCFavoritesViewController.h */,
				9C0826C917B8924C00AB6C36 /* SCFavoritesViewController.m */,
				9C0826C417B8924C00AB6C36 /* SCFavoriteCell.h */,
				9C0826C517B8924C00AB6C36 /* SCFavoriteCell.m */,
			);
			name = "Favorites view";
			sourceTree = "<group>";
		};
		9CA6B9C516BAD16D006EAF8D = {
			isa = PBXGroup;
			children = (
				9CA6B9D716BAD16D006EAF8D /* BetterContacts */,
				9CA6B9D016BAD16D006EAF8D /* Frameworks */,
				9CA6B9CF16BAD16D006EAF8D /* Products */,
			);
			sourceTree = "<group>";
		};
		9CA6B9CF16BAD16D006EAF8D /* Products */ = {
			isa = PBXGroup;
			children = (
				9CA6B9CE16BAD16D006EAF8D /* SimpleContact.app */,
			);
			name = Products;
			sourceTree = "<group>";
		};
		9CA6B9D016BAD16D006EAF8D /* Frameworks */ = {
			isa = PBXGroup;
			children = (
				9C78167A1747C62F00F66500 /* MessageUI.framework */,
				9C3591891738056800764635 /* Accelerate.framework */,
				9CA8A8F316BD348A0053C1C5 /* QuartzCore.framework */,
				9CA6B9F416BAD884006EAF8D /* AddressBook.framework */,
				9CA6B9F516BAD884006EAF8D /* AddressBookUI.framework */,
				9CA6B9D116BAD16D006EAF8D /* UIKit.framework */,
				9CA6B9D316BAD16D006EAF8D /* Foundation.framework */,
				9CA6B9D516BAD16D006EAF8D /* CoreGraphics.framework */,
			);
			name = Frameworks;
			sourceTree = "<group>";
		};
		9CA6B9D716BAD16D006EAF8D /* BetterContacts */ = {
			isa = PBXGroup;
			children = (
				9CA6B9F816BAD9BD006EAF8D /* Sources */,
				9CA6B9D816BAD16D006EAF8D /* Supporting Files */,
			);
			name = BetterContacts;
			path = EasyContact;
			sourceTree = "<group>";
		};
		9CA6B9D816BAD16D006EAF8D /* Supporting Files */ = {
			isa = PBXGroup;
			children = (
				9C249FA817C7044900A62A76 /* en.lproj */,
				9C249FB317C7044A00A62A76 /* fr.lproj */,
				9C0826DC17B8924C00AB6C36 /* SimpleContact-Info.plist */,
				9CA6B9FB16BADA03006EAF8D /* Utilities */,
				9CA6B9FA16BAD9EC006EAF8D /* Images */,
				9C017A31176F047500A68013 /* Default conf files */,
			);
			name = "Supporting Files";
			sourceTree = "<group>";
		};
		9CA6B9F816BAD9BD006EAF8D /* Sources */ = {
			isa = PBXGroup;
			children = (
				9C0826B617B8924C00AB6C36 /* SCAppDelegate.h */,
				9C0826B717B8924C00AB6C36 /* SCAppDelegate.m */,
				9CC67F5716BBD69A00F1A9BA /* Contact */,
				9C6F605E174562BA002753D7 /* Main view */,
				9C3591931738237B00764635 /* Modal view */,
				9C99C9C71768F76B00A3F594 /* Favorites view */,
				9C42A46B1786B3A400591BC9 /* Settings view */,
				9CC05DF117A4CA630077E7EF /* Tutorial view */,
				9CC05DFC17A504FD0077E7EF /* Navigation bar */,
				9C742BF317A3E79A003718D7 /* Utilities */,
				9CA6B9F916BAD9C4006EAF8D /* Other sources */,
			);
			name = Sources;
			sourceTree = "<group>";
		};
		9CA6B9F916BAD9C4006EAF8D /* Other sources */ = {
			isa = PBXGroup;
			children = (
				9C0826DD17B8924C00AB6C36 /* SimpleContact-Prefix.pch */,
				9C0826B317B8924C00AB6C36 /* main.m */,
				9C345E3017B8960D00618320 /* RMPhoneFormat.h */,
				9C345E3117B8960D00618320 /* RMPhoneFormat.m */,
				9C345E3217B8960D00618320 /* RNBlurModalView.h */,
				9C345E3317B8960D00618320 /* RNBlurModalView.m */,
				9C345E3417B8960D00618320 /* UIDevice-Hardware.h */,
				9C345E3517B8960D00618320 /* UIDevice-Hardware.m */,
			);
			name = "Other sources";
			sourceTree = "<group>";
		};
		9CA6B9FA16BAD9EC006EAF8D /* Images */ = {
			isa = PBXGroup;
			children = (
				9C017A2E176F03FA00A68013 /* App icon */,
				9C017A2F176F040700A68013 /* Launch image */,
				9C017A30176F042600A68013 /* App images */,
			);
			name = Images;
			sourceTree = "<group>";
		};
		9CA6B9FB16BADA03006EAF8D /* Utilities */ = {
			isa = PBXGroup;
			children = (
				9C0826F717B8936700AB6C36 /* PhoneFormats.dat */,
			);
			name = Utilities;
			sourceTree = "<group>";
		};
		9CC05DF117A4CA630077E7EF /* Tutorial view */ = {
			isa = PBXGroup;
			children = (
				9C0826D917B8924C00AB6C36 /* SCTutorialViewController.h */,
				9C0826DA17B8924C00AB6C36 /* SCTutorialViewController.m */,
			);
			name = "Tutorial view";
			sourceTree = "<group>";
		};
		9CC05DFC17A504FD0077E7EF /* Navigation bar */ = {
			isa = PBXGroup;
			children = (
				9C0826D017B8924C00AB6C36 /* SCNavigationBar.h */,
				9C0826D117B8924C00AB6C36 /* SCNavigationBar.m */,
			);
			name = "Navigation bar";
			sourceTree = "<group>";
		};
		9CC67F5716BBD69A00F1A9BA /* Contact */ = {
			isa = PBXGroup;
			children = (
				9C0826BA17B8924C00AB6C36 /* SCContact.h */,
				9C0826BB17B8924C00AB6C36 /* SCContact.m */,
				9C0826C017B8924C00AB6C36 /* SCContactList.h */,
				9C0826C117B8924C00AB6C36 /* SCContactList.m */,
				9C0826C217B8924C00AB6C36 /* SCFavorite.h */,
				9C0826C317B8924C00AB6C36 /* SCFavorite.m */,
			);
			name = Contact;
			sourceTree = "<group>";
		};
/* End PBXGroup section */

/* Begin PBXNativeTarget section */
		9CA6B9CD16BAD16D006EAF8D /* SimpleContact */ = {
			isa = PBXNativeTarget;
			buildConfigurationList = 9CA6B9F116BAD16D006EAF8D /* Build configuration list for PBXNativeTarget "SimpleContact" */;
			buildPhases = (
				9CA6B9CA16BAD16D006EAF8D /* Sources */,
				9CA6B9CB16BAD16D006EAF8D /* Frameworks */,
				9CA6B9CC16BAD16D006EAF8D /* Resources */,
			);
			buildRules = (
			);
			dependencies = (
			);
			name = SimpleContact;
			productName = BetterContacts;
			productReference = 9CA6B9CE16BAD16D006EAF8D /* SimpleContact.app */;
			productType = "com.apple.product-type.application";
		};
/* End PBXNativeTarget section */

/* Begin PBXProject section */
		9CA6B9C616BAD16D006EAF8D /* Project object */ = {
			isa = PBXProject;
			attributes = {
				CLASSPREFIX = EC;
				LastUpgradeCheck = 0460;
				ORGANIZATIONNAME = "Maxime de Chalendar";
				TargetAttributes = {
					9CA6B9CD16BAD16D006EAF8D = {
						DevelopmentTeam = YZBJ9D96FR;
					};
				};
			};
			buildConfigurationList = 9CA6B9C916BAD16D006EAF8D /* Build configuration list for PBXProject "SimpleContact" */;
			compatibilityVersion = "Xcode 3.2";
			developmentRegion = English;
			hasScannedForEncodings = 0;
			knownRegions = (
				en,
				fr,
			);
			mainGroup = 9CA6B9C516BAD16D006EAF8D;
			productRefGroup = 9CA6B9CF16BAD16D006EAF8D /* Products */;
			projectDirPath = "";
			projectRoot = "";
			targets = (
				9CA6B9CD16BAD16D006EAF8D /* SimpleContact */,
			);
		};
/* End PBXProject section */

/* Begin PBXResourcesBuildPhase section */
		9CA6B9CC16BAD16D006EAF8D /* Resources */ = {
			isa = PBXResourcesBuildPhase;
			buildActionMask = 2147483647;
			files = (
				9C0826F417B8924C00AB6C36 /* Settings.plist in Resources */,
				9C0826F817B8936700AB6C36 /* PhoneFormats.dat in Resources */,
				9C0826FF17B893E200AB6C36 /* 29x29.png in Resources */,
				9C2D6F6B17C739CC0041636A /* TutorialView.strings in Resources */,
				9C08270017B893E200AB6C36 /* 57x57.png in Resources */,
				9C08270117B893E200AB6C36 /* 58x58.png in Resources */,
				9C08270217B893E200AB6C36 /* 80x80.png in Resources */,
				9C249FBE17C7052800A62A76 /* MainStoryboard.storyboard in Resources */,
				9C2D6F7417C73AB00041636A /* tutorial-4-fr.png in Resources */,
				9C08270317B893E200AB6C36 /* 114x114.png in Resources */,
				9CF5DFC917C6DB8D00D696E9 /* backbutton.png in Resources */,
				9C08270417B893E200AB6C36 /* 120x120.png in Resources */,
				9C08270817B8940700AB6C36 /* Default-568h@2x.png in Resources */,
				9C249FC317C705C200A62A76 /* AppSettingsView.strings in Resources */,
				9C08270917B8940700AB6C36 /* Default.png in Resources */,
				9C08270A17B8940700AB6C36 /* Default@2x.png in Resources */,
				9C08270C17B8941400AB6C36 /* 1024x1024.png in Resources */,
				9C08272417B8942F00AB6C36 /* facetime-black.png in Resources */,
				9C08272517B8942F00AB6C36 /* facetime-white.png in Resources */,
				9C08272617B8942F00AB6C36 /* favorite-flag.png in Resources */,
				9C08272717B8942F00AB6C36 /* label-home.png in Resources */,
				9C08272817B8942F00AB6C36 /* label-mobile.png in Resources */,
				9C08272917B8942F00AB6C36 /* label-work.png in Resources */,
				9C249FBF17C7052D00A62A76 /* AppSettingsView.strings in Resources */,
				9C08272A17B8942F00AB6C36 /* mail-white.png in Resources */,
				9C249FC217C7053600A62A76 /* ReportIssueMailView.strings in Resources */,
				9C08272B17B8942F00AB6C36 /* navigationbar-background.png in Resources */,
				9C2D6F7217C73AB00041636A /* tutorial-2-fr.png in Resources */,
				9C08272C17B8942F00AB6C36 /* phone-black.png in Resources */,
				9C2D6F7117C73AB00041636A /* tutorial-1-fr.png in Resources */,
				9C345E3A17B8967600618320 /* mail-black.png in Resources */,
				9C249FC517C705C800A62A76 /* RefusedAddBookAccessPopup.strings in Resources */,
				9C08272D17B8942F00AB6C36 /* phone-white.png in Resources */,
				9C08272E17B8942F00AB6C36 /* settings.png in Resources */,
				9C08272F17B8942F00AB6C36 /* text-black.png in Resources */,
				9C08273017B8942F00AB6C36 /* text-white.png in Resources */,
				9C2D6F7317C73AB00041636A /* tutorial-3-fr.png in Resources */,
				9C249FC617C705CE00A62A76 /* ReportIssueMailView.strings in Resources */,
				9C08273617B8942F00AB6C36 /* unavailable-overlay.png in Resources */,
				9C2D6F7517C73AB00041636A /* tutorial-5-fr.png in Resources */,
				9C08273717B8942F00AB6C36 /* unknown-user.png in Resources */,
				9C249FC117C7053400A62A76 /* RefusedAddBookAccessPopup.strings in Resources */,
				9C08273817B8942F00AB6C36 /* validation-tick.png in Resources */,
				9C989F8F17C739220040FD10 /* TutorialView.strings in Resources */,
			);
			runOnlyForDeploymentPostprocessing = 0;
		};
/* End PBXResourcesBuildPhase section */

/* Begin PBXSourcesBuildPhase section */
		9CA6B9CA16BAD16D006EAF8D /* Sources */ = {
			isa = PBXSourcesBuildPhase;
			buildActionMask = 2147483647;
			files = (
				9C0826E017B8924C00AB6C36 /* main.m in Sources */,
				9C0826E217B8924C00AB6C36 /* SCAppDelegate.m in Sources */,
				9C0826E417B8924C00AB6C36 /* SCContact.m in Sources */,
				9C345E3617B8960D00618320 /* RMPhoneFormat.m in Sources */,
				9C345E3817B8960D00618320 /* UIDevice-Hardware.m in Sources */,
				9C0826E517B8924C00AB6C36 /* SCContactCell.m in Sources */,
				9C0826E617B8924C00AB6C36 /* SCContactJoiner.m in Sources */,
				9C0826E717B8924C00AB6C36 /* SCContactList.m in Sources */,
				9C345E3717B8960D00618320 /* RNBlurModalView.m in Sources */,
				9C0826E817B8924C00AB6C36 /* SCFavorite.m in Sources */,
				9C0826E917B8924C00AB6C36 /* SCFavoriteCell.m in Sources */,
				9C0826EA17B8924C00AB6C36 /* SCFavoritesHandler.m in Sources */,
				9C0826EB17B8924C00AB6C36 /* SCFavoritesViewController.m in Sources */,
				9C0826EC17B8924C00AB6C36 /* SCKindHandler.m in Sources */,
				9C0826ED17B8924C00AB6C36 /* SCMainTableViewController.m in Sources */,
				9C0826EE17B8924C00AB6C36 /* SCModalViewController.m in Sources */,
				9C0826EF17B8924C00AB6C36 /* SCNavigationBar.m in Sources */,
				9C0826F017B8924C00AB6C36 /* SCNumberCell.m in Sources */,
				9C0826F117B8924C00AB6C36 /* SCSettingsHandler.m in Sources */,
				9C0826F217B8924C00AB6C36 /* SCSettingsTableViewController.m in Sources */,
				9C0826F317B8924C00AB6C36 /* SCTutorialViewController.m in Sources */,
			);
			runOnlyForDeploymentPostprocessing = 0;
		};
/* End PBXSourcesBuildPhase section */

/* Begin PBXVariantGroup section */
		9C249FA917C7044900A62A76 /* AppSettingsView.strings */ = {
			isa = PBXVariantGroup;
			children = (
				9C249FAA17C7044900A62A76 /* en */,
			);
			name = AppSettingsView.strings;
			sourceTree = "<group>";
		};
		9C249FAD17C7044A00A62A76 /* MainStoryboard.storyboard */ = {
			isa = PBXVariantGroup;
			children = (
				9C249FAE17C7044A00A62A76 /* en */,
			);
			name = MainStoryboard.storyboard;
			sourceTree = "<group>";
		};
		9C249FAF17C7044A00A62A76 /* RefusedAddBookAccessPopup.strings */ = {
			isa = PBXVariantGroup;
			children = (
				9C249FB017C7044A00A62A76 /* en */,
			);
			name = RefusedAddBookAccessPopup.strings;
			sourceTree = "<group>";
		};
		9C249FB117C7044A00A62A76 /* ReportIssueMailView.strings */ = {
			isa = PBXVariantGroup;
			children = (
				9C249FB217C7044A00A62A76 /* en */,
			);
			name = ReportIssueMailView.strings;
			sourceTree = "<group>";
		};
		9C249FB417C7044A00A62A76 /* AppSettingsView.strings */ = {
			isa = PBXVariantGroup;
			children = (
				9C249FB517C7044A00A62A76 /* fr */,
			);
			name = AppSettingsView.strings;
			sourceTree = "<group>";
		};
		9C249FB817C7044A00A62A76 /* MainStoryboard.storyboard */ = {
			isa = PBXVariantGroup;
			children = (
				9C249FB917C7044A00A62A76 /* fr */,
			);
			name = MainStoryboard.storyboard;
			sourceTree = "<group>";
		};
		9C249FBA17C7044A00A62A76 /* RefusedAddBookAccessPopup.strings */ = {
			isa = PBXVariantGroup;
			children = (
				9C249FBB17C7044A00A62A76 /* fr */,
			);
			name = RefusedAddBookAccessPopup.strings;
			sourceTree = "<group>";
		};
		9C249FBC17C7044A00A62A76 /* ReportIssueMailView.strings */ = {
			isa = PBXVariantGroup;
			children = (
				9C249FBD17C7044A00A62A76 /* fr */,
			);
			name = ReportIssueMailView.strings;
			sourceTree = "<group>";
		};
		9C2D6F6917C739CC0041636A /* TutorialView.strings */ = {
			isa = PBXVariantGroup;
			children = (
				9C2D6F6A17C739CC0041636A /* fr */,
			);
			name = TutorialView.strings;
			sourceTree = "<group>";
		};
		9C989F8D17C739220040FD10 /* TutorialView.strings */ = {
			isa = PBXVariantGroup;
			children = (
				9C989F8E17C739220040FD10 /* en */,
			);
			name = TutorialView.strings;
			sourceTree = "<group>";
		};
/* End PBXVariantGroup section */

/* Begin XCBuildConfiguration section */
		9CA6B9EF16BAD16D006EAF8D /* Debug */ = {
			isa = XCBuildConfiguration;
			buildSettings = {
				ALWAYS_SEARCH_USER_PATHS = NO;
				CLANG_CXX_LANGUAGE_STANDARD = "gnu++0x";
				CLANG_CXX_LIBRARY = "libc++";
				CLANG_ENABLE_OBJC_ARC = YES;
				CLANG_WARN_CONSTANT_CONVERSION = YES;
				CLANG_WARN_EMPTY_BODY = YES;
				CLANG_WARN_ENUM_CONVERSION = YES;
				CLANG_WARN_INT_CONVERSION = YES;
				CLANG_WARN__DUPLICATE_METHOD_MATCH = YES;
				"CODE_SIGN_IDENTITY[sdk=iphoneos*]" = "iPhone Developer";
				COPY_PHASE_STRIP = NO;
				GCC_C_LANGUAGE_STANDARD = gnu99;
				GCC_DYNAMIC_NO_PIC = NO;
				GCC_OPTIMIZATION_LEVEL = 0;
				GCC_PREPROCESSOR_DEFINITIONS = (
					"DEBUG=1",
					"$(inherited)",
				);
				GCC_SYMBOLS_PRIVATE_EXTERN = NO;
				GCC_WARN_ABOUT_RETURN_TYPE = YES;
				GCC_WARN_UNINITIALIZED_AUTOS = YES;
				GCC_WARN_UNUSED_VARIABLE = YES;
				IPHONEOS_DEPLOYMENT_TARGET = 6.1;
				ONLY_ACTIVE_ARCH = YES;
				SDKROOT = iphoneos;
			};
			name = Debug;
		};
		9CA6B9F016BAD16D006EAF8D /* Release */ = {
			isa = XCBuildConfiguration;
			buildSettings = {
				ALWAYS_SEARCH_USER_PATHS = NO;
				CLANG_CXX_LANGUAGE_STANDARD = "gnu++0x";
				CLANG_CXX_LIBRARY = "libc++";
				CLANG_ENABLE_OBJC_ARC = YES;
				CLANG_WARN_CONSTANT_CONVERSION = YES;
				CLANG_WARN_EMPTY_BODY = YES;
				CLANG_WARN_ENUM_CONVERSION = YES;
				CLANG_WARN_INT_CONVERSION = YES;
				CLANG_WARN__DUPLICATE_METHOD_MATCH = YES;
				"CODE_SIGN_IDENTITY[sdk=iphoneos*]" = "iPhone Developer";
				COPY_PHASE_STRIP = YES;
				GCC_C_LANGUAGE_STANDARD = gnu99;
				GCC_WARN_ABOUT_RETURN_TYPE = YES;
				GCC_WARN_UNINITIALIZED_AUTOS = YES;
				GCC_WARN_UNUSED_VARIABLE = YES;
				IPHONEOS_DEPLOYMENT_TARGET = 6.1;
				OTHER_CFLAGS = "-DNS_BLOCK_ASSERTIONS=1";
				SDKROOT = iphoneos;
				VALIDATE_PRODUCT = YES;
			};
			name = Release;
		};
		9CA6B9F216BAD16D006EAF8D /* Debug */ = {
			isa = XCBuildConfiguration;
			buildSettings = {
				CODE_SIGN_IDENTITY = "iPhone Developer";
				"CODE_SIGN_IDENTITY[sdk=iphoneos*]" = "iPhone Developer";
				GCC_PRECOMPILE_PREFIX_HEADER = YES;
				GCC_PREFIX_HEADER = "SimpleContact/SimpleContact-Prefix.pch";
				INFOPLIST_FILE = "SimpleContact/SimpleContact-Info.plist";
				IPHONEOS_DEPLOYMENT_TARGET = 6.0;
				PRODUCT_NAME = SimpleContact;
				PROVISIONING_PROFILE = "2588C44B-EC42-4ED9-BBE7-99A135350B84";
				SDKROOT = iphoneos;
				WRAPPER_EXTENSION = app;
			};
			name = Debug;
		};
		9CA6B9F316BAD16D006EAF8D /* Release */ = {
			isa = XCBuildConfiguration;
			buildSettings = {
				CODE_SIGN_IDENTITY = "iPhone Developer";
				"CODE_SIGN_IDENTITY[sdk=iphoneos*]" = "iPhone Developer";
				GCC_PRECOMPILE_PREFIX_HEADER = YES;
				GCC_PREFIX_HEADER = "SimpleContact/SimpleContact-Prefix.pch";
				INFOPLIST_FILE = "SimpleContact/SimpleContact-Info.plist";
				IPHONEOS_DEPLOYMENT_TARGET = 6.0;
				PRODUCT_NAME = SimpleContact;
				PROVISIONING_PROFILE = "2588C44B-EC42-4ED9-BBE7-99A135350B84";
				SDKROOT = iphoneos;
				WRAPPER_EXTENSION = app;
			};
			name = Release;
		};
/* End XCBuildConfiguration section */

/* Begin XCConfigurationList section */
		9CA6B9C916BAD16D006EAF8D /* Build configuration list for PBXProject "SimpleContact" */ = {
			isa = XCConfigurationList;
			buildConfigurations = (
				9CA6B9EF16BAD16D006EAF8D /* Debug */,
				9CA6B9F016BAD16D006EAF8D /* Release */,
			);
			defaultConfigurationIsVisible = 0;
			defaultConfigurationName = Release;
		};
		9CA6B9F116BAD16D006EAF8D /* Build configuration list for PBXNativeTarget "SimpleContact" */ = {
			isa = XCConfigurationList;
			buildConfigurations = (
				9CA6B9F216BAD16D006EAF8D /* Debug */,
				9CA6B9F316BAD16D006EAF8D /* Release */,
			);
			defaultConfigurationIsVisible = 0;
			defaultConfigurationName = Release;
		};
/* End XCConfigurationList section */
	};
	rootObject = 9CA6B9C616BAD16D006EAF8D /* Project object */;
}
