// !$*UTF8*$!
{
	archiveVersion = 1;
	classes = {
	};
	objectVersion = 46;
	objects = {

/* Begin PBXBuildFile section */
		9C017A1B176F03ED00A68013 /* 57x57.png in Resources */ = {isa = PBXBuildFile; fileRef = 9C017A08176F03ED00A68013 /* 57x57.png */; };
		9C017A1C176F03ED00A68013 /* 114x114.png in Resources */ = {isa = PBXBuildFile; fileRef = 9C017A09176F03ED00A68013 /* 114x114.png */; };
		9C017A1D176F03ED00A68013 /* 120x120.png in Resources */ = {isa = PBXBuildFile; fileRef = 9C017A0A176F03ED00A68013 /* 120x120.png */; };
		9C017A1E176F03ED00A68013 /* Default-568h@2x.png in Resources */ = {isa = PBXBuildFile; fileRef = 9C017A0B176F03ED00A68013 /* Default-568h@2x.png */; };
		9C017A1F176F03ED00A68013 /* Default.png in Resources */ = {isa = PBXBuildFile; fileRef = 9C017A0C176F03ED00A68013 /* Default.png */; };
		9C017A20176F03ED00A68013 /* Default@2x.png in Resources */ = {isa = PBXBuildFile; fileRef = 9C017A0D176F03ED00A68013 /* Default@2x.png */; };
		9C017A21176F03ED00A68013 /* favorite-flag.png in Resources */ = {isa = PBXBuildFile; fileRef = 9C017A0E176F03ED00A68013 /* favorite-flag.png */; };
		9C017A22176F03ED00A68013 /* label-home.png in Resources */ = {isa = PBXBuildFile; fileRef = 9C017A0F176F03ED00A68013 /* label-home.png */; };
		9C017A23176F03ED00A68013 /* label-mobile.png in Resources */ = {isa = PBXBuildFile; fileRef = 9C017A10176F03ED00A68013 /* label-mobile.png */; };
		9C017A24176F03ED00A68013 /* label-work.png in Resources */ = {isa = PBXBuildFile; fileRef = 9C017A11176F03ED00A68013 /* label-work.png */; };
		9C017A25176F03ED00A68013 /* mail-black.png in Resources */ = {isa = PBXBuildFile; fileRef = 9C017A12176F03ED00A68013 /* mail-black.png */; };
		9C017A26176F03ED00A68013 /* mail-white.png in Resources */ = {isa = PBXBuildFile; fileRef = 9C017A13176F03ED00A68013 /* mail-white.png */; };
		9C017A27176F03ED00A68013 /* navigationbar-background.png in Resources */ = {isa = PBXBuildFile; fileRef = 9C017A14176F03ED00A68013 /* navigationbar-background.png */; };
		9C017A28176F03ED00A68013 /* phone-black.png in Resources */ = {isa = PBXBuildFile; fileRef = 9C017A15176F03ED00A68013 /* phone-black.png */; };
		9C017A29176F03ED00A68013 /* phone-white.png in Resources */ = {isa = PBXBuildFile; fileRef = 9C017A16176F03ED00A68013 /* phone-white.png */; };
		9C017A2A176F03ED00A68013 /* text-black.png in Resources */ = {isa = PBXBuildFile; fileRef = 9C017A17176F03ED00A68013 /* text-black.png */; };
		9C017A2B176F03ED00A68013 /* text-white.png in Resources */ = {isa = PBXBuildFile; fileRef = 9C017A18176F03ED00A68013 /* text-white.png */; };
		9C017A2C176F03ED00A68013 /* unavailable-overlay.png in Resources */ = {isa = PBXBuildFile; fileRef = 9C017A19176F03ED00A68013 /* unavailable-overlay.png */; };
		9C017A2D176F03ED00A68013 /* unknown-user.png in Resources */ = {isa = PBXBuildFile; fileRef = 9C017A1A176F03ED00A68013 /* unknown-user.png */; };
		9C088B5B17392128003B7644 /* ECNumberCell.m in Sources */ = {isa = PBXBuildFile; fileRef = 9C088B5A17392128003B7644 /* ECNumberCell.m */; };
		9C0E274D1780819200DA4EF8 /* PhoneFormats.dat in Resources */ = {isa = PBXBuildFile; fileRef = 9C0E274C1780819200DA4EF8 /* PhoneFormats.dat */; };
		9C0E275017809A8E00DA4EF8 /* ECKindHandler.m in Sources */ = {isa = PBXBuildFile; fileRef = 9C0E274F17809A8E00DA4EF8 /* ECKindHandler.m */; };
		9C0F8B3917A12A93007449B0 /* Settings.plist in Resources */ = {isa = PBXBuildFile; fileRef = 9C0F8B3817A12A93007449B0 /* Settings.plist */; };
		9C0F8B3C17A12DCD007449B0 /* ECSettingsHandler.m in Sources */ = {isa = PBXBuildFile; fileRef = 9C0F8B3B17A12DCD007449B0 /* ECSettingsHandler.m */; };
		9C14627F16BC1DFF0008EB0F /* ECContact.m in Sources */ = {isa = PBXBuildFile; fileRef = 9C14627E16BC1DFF0008EB0F /* ECContact.m */; };
		9C19DFDE17A3FB72005C70CA /* UIDevice-Hardware.m in Sources */ = {isa = PBXBuildFile; fileRef = 9C19DFDD17A3FB72005C70CA /* UIDevice-Hardware.m */; };
		9C247A0317463AA30096AECE /* ECModalViewController.m in Sources */ = {isa = PBXBuildFile; fileRef = 9C247A0217463AA30096AECE /* ECModalViewController.m */; };
		9C305A07179008A600F5D9C4 /* ECNavigationBar.m in Sources */ = {isa = PBXBuildFile; fileRef = 9C305A06179008A600F5D9C4 /* ECNavigationBar.m */; };
		9C305A0A1790135900F5D9C4 /* validation-tick.png in Resources */ = {isa = PBXBuildFile; fileRef = 9C305A091790135900F5D9C4 /* validation-tick.png */; };
		9C305A0C17906A8A00F5D9C4 /* backbutton-background.png in Resources */ = {isa = PBXBuildFile; fileRef = 9C305A0B17906A8A00F5D9C4 /* backbutton-background.png */; };
		9C35918A1738056800764635 /* Accelerate.framework in Frameworks */ = {isa = PBXBuildFile; fileRef = 9C3591891738056800764635 /* Accelerate.framework */; };
		9C42A4711786B53000591BC9 /* ECSettingsTableViewController.m in Sources */ = {isa = PBXBuildFile; fileRef = 9C42A4701786B53000591BC9 /* ECSettingsTableViewController.m */; };
		9C42A4731786E9F500591BC9 /* settings.png in Resources */ = {isa = PBXBuildFile; fileRef = 9C42A4721786E9F500591BC9 /* settings.png */; };
		9C5DB56416EE57DF00300925 /* ECContactList.m in Sources */ = {isa = PBXBuildFile; fileRef = 9C5DB56316EE57DF00300925 /* ECContactList.m */; };
		9C6F6061174564EF002753D7 /* ECMainTableViewController.m in Sources */ = {isa = PBXBuildFile; fileRef = 9C6F6060174564EF002753D7 /* ECMainTableViewController.m */; };
		9C723409173AB6FF00C2F633 /* RNBlurModalView.m in Sources */ = {isa = PBXBuildFile; fileRef = 9C723407173AB6FF00C2F633 /* RNBlurModalView.m */; };
		9C78167B1747C62F00F66500 /* MessageUI.framework in Frameworks */ = {isa = PBXBuildFile; fileRef = 9C78167A1747C62F00F66500 /* MessageUI.framework */; };
		9C8DB0E01775D0C40015FD67 /* ECContactJoiner.m in Sources */ = {isa = PBXBuildFile; fileRef = 9C8DB0DF1775D0C40015FD67 /* ECContactJoiner.m */; };
		9C957D7A176E3D5C00E3B8A4 /* ECFavoritesHandler.m in Sources */ = {isa = PBXBuildFile; fileRef = 9C957D79176E3D5C00E3B8A4 /* ECFavoritesHandler.m */; };
		9C99C9CD1768F93700A3F594 /* ECFavoritesViewController.m in Sources */ = {isa = PBXBuildFile; fileRef = 9C99C9CC1768F93700A3F594 /* ECFavoritesViewController.m */; };
		9C99C9D01768F98F00A3F594 /* ECFavoriteCell.m in Sources */ = {isa = PBXBuildFile; fileRef = 9C99C9CF1768F98F00A3F594 /* ECFavoriteCell.m */; };
		9CA6B9D216BAD16D006EAF8D /* UIKit.framework in Frameworks */ = {isa = PBXBuildFile; fileRef = 9CA6B9D116BAD16D006EAF8D /* UIKit.framework */; };
		9CA6B9D416BAD16D006EAF8D /* Foundation.framework in Frameworks */ = {isa = PBXBuildFile; fileRef = 9CA6B9D316BAD16D006EAF8D /* Foundation.framework */; };
		9CA6B9D616BAD16D006EAF8D /* CoreGraphics.framework in Frameworks */ = {isa = PBXBuildFile; fileRef = 9CA6B9D516BAD16D006EAF8D /* CoreGraphics.framework */; };
		9CA6B9DC16BAD16D006EAF8D /* InfoPlist.strings in Resources */ = {isa = PBXBuildFile; fileRef = 9CA6B9DA16BAD16D006EAF8D /* InfoPlist.strings */; };
		9CA6B9DE16BAD16D006EAF8D /* main.m in Sources */ = {isa = PBXBuildFile; fileRef = 9CA6B9DD16BAD16D006EAF8D /* main.m */; };
		9CA6B9E216BAD16D006EAF8D /* ECAppDelegate.m in Sources */ = {isa = PBXBuildFile; fileRef = 9CA6B9E116BAD16D006EAF8D /* ECAppDelegate.m */; };
		9CA6B9EB16BAD16D006EAF8D /* MainStoryboard.storyboard in Resources */ = {isa = PBXBuildFile; fileRef = 9CA6B9E916BAD16D006EAF8D /* MainStoryboard.storyboard */; };
		9CA6B9F616BAD884006EAF8D /* AddressBook.framework in Frameworks */ = {isa = PBXBuildFile; fileRef = 9CA6B9F416BAD884006EAF8D /* AddressBook.framework */; };
		9CA6B9F716BAD884006EAF8D /* AddressBookUI.framework in Frameworks */ = {isa = PBXBuildFile; fileRef = 9CA6B9F516BAD884006EAF8D /* AddressBookUI.framework */; };
		9CA8A8F416BD348A0053C1C5 /* QuartzCore.framework in Frameworks */ = {isa = PBXBuildFile; fileRef = 9CA8A8F316BD348A0053C1C5 /* QuartzCore.framework */; };
		9CACE3311770827000BDC2D3 /* ECFavorite.m in Sources */ = {isa = PBXBuildFile; fileRef = 9CACE3301770827000BDC2D3 /* ECFavorite.m */; };
		9CACE3341770AA3A00BDC2D3 /* RMPhoneFormat.m in Sources */ = {isa = PBXBuildFile; fileRef = 9CACE3331770AA3A00BDC2D3 /* RMPhoneFormat.m */; };
		9CC67F5A16BBD6B100F1A9BA /* ECContactCell.m in Sources */ = {isa = PBXBuildFile; fileRef = 9CC67F5916BBD6B100F1A9BA /* ECContactCell.m */; };
		9CEE487D17848F31006BB683 /* facetime-black.png in Resources */ = {isa = PBXBuildFile; fileRef = 9CEE487B17848F31006BB683 /* facetime-black.png */; };
		9CEE487E17848F31006BB683 /* facetime-white.png in Resources */ = {isa = PBXBuildFile; fileRef = 9CEE487C17848F31006BB683 /* facetime-white.png */; };
		9CEE488417855AC7006BB683 /* mail-blue.png in Resources */ = {isa = PBXBuildFile; fileRef = 9CEE488017855AC7006BB683 /* mail-blue.png */; };
/* End PBXBuildFile section */

/* Begin PBXFileReference section */
		9C017A08176F03ED00A68013 /* 57x57.png */ = {isa = PBXFileReference; lastKnownFileType = image.png; name = 57x57.png; path = images/57x57.png; sourceTree = "<group>"; };
		9C017A09176F03ED00A68013 /* 114x114.png */ = {isa = PBXFileReference; lastKnownFileType = image.png; name = 114x114.png; path = images/114x114.png; sourceTree = "<group>"; };
		9C017A0A176F03ED00A68013 /* 120x120.png */ = {isa = PBXFileReference; lastKnownFileType = image.png; name = 120x120.png; path = images/120x120.png; sourceTree = "<group>"; };
		9C017A0B176F03ED00A68013 /* Default-568h@2x.png */ = {isa = PBXFileReference; lastKnownFileType = image.png; name = "Default-568h@2x.png"; path = "images/Default-568h@2x.png"; sourceTree = "<group>"; };
		9C017A0C176F03ED00A68013 /* Default.png */ = {isa = PBXFileReference; lastKnownFileType = image.png; name = Default.png; path = images/Default.png; sourceTree = "<group>"; };
		9C017A0D176F03ED00A68013 /* Default@2x.png */ = {isa = PBXFileReference; lastKnownFileType = image.png; name = "Default@2x.png"; path = "images/Default@2x.png"; sourceTree = "<group>"; };
		9C017A0E176F03ED00A68013 /* favorite-flag.png */ = {isa = PBXFileReference; lastKnownFileType = image.png; name = "favorite-flag.png"; path = "images/favorite-flag.png"; sourceTree = "<group>"; };
		9C017A0F176F03ED00A68013 /* label-home.png */ = {isa = PBXFileReference; lastKnownFileType = image.png; name = "label-home.png"; path = "images/label-home.png"; sourceTree = "<group>"; };
		9C017A10176F03ED00A68013 /* label-mobile.png */ = {isa = PBXFileReference; lastKnownFileType = image.png; name = "label-mobile.png"; path = "images/label-mobile.png"; sourceTree = "<group>"; };
		9C017A11176F03ED00A68013 /* label-work.png */ = {isa = PBXFileReference; lastKnownFileType = image.png; name = "label-work.png"; path = "images/label-work.png"; sourceTree = "<group>"; };
		9C017A12176F03ED00A68013 /* mail-black.png */ = {isa = PBXFileReference; lastKnownFileType = image.png; name = "mail-black.png"; path = "images/mail-black.png"; sourceTree = "<group>"; };
		9C017A13176F03ED00A68013 /* mail-white.png */ = {isa = PBXFileReference; lastKnownFileType = image.png; name = "mail-white.png"; path = "images/mail-white.png"; sourceTree = "<group>"; };
		9C017A14176F03ED00A68013 /* navigationbar-background.png */ = {isa = PBXFileReference; lastKnownFileType = image.png; name = "navigationbar-background.png"; path = "images/navigationbar-background.png"; sourceTree = "<group>"; };
		9C017A15176F03ED00A68013 /* phone-black.png */ = {isa = PBXFileReference; lastKnownFileType = image.png; name = "phone-black.png"; path = "images/phone-black.png"; sourceTree = "<group>"; };
		9C017A16176F03ED00A68013 /* phone-white.png */ = {isa = PBXFileReference; lastKnownFileType = image.png; name = "phone-white.png"; path = "images/phone-white.png"; sourceTree = "<group>"; };
		9C017A17176F03ED00A68013 /* text-black.png */ = {isa = PBXFileReference; lastKnownFileType = image.png; name = "text-black.png"; path = "images/text-black.png"; sourceTree = "<group>"; };
		9C017A18176F03ED00A68013 /* text-white.png */ = {isa = PBXFileReference; lastKnownFileType = image.png; name = "text-white.png"; path = "images/text-white.png"; sourceTree = "<group>"; };
		9C017A19176F03ED00A68013 /* unavailable-overlay.png */ = {isa = PBXFileReference; lastKnownFileType = image.png; name = "unavailable-overlay.png"; path = "images/unavailable-overlay.png"; sourceTree = "<group>"; };
		9C017A1A176F03ED00A68013 /* unknown-user.png */ = {isa = PBXFileReference; lastKnownFileType = image.png; name = "unknown-user.png"; path = "images/unknown-user.png"; sourceTree = "<group>"; };
		9C017A32176F075C00A68013 /* EasyContact-Prefix.pch */ = {isa = PBXFileReference; lastKnownFileType = sourcecode.c.h; path = "EasyContact-Prefix.pch"; sourceTree = "<group>"; };
		9C088B5917392128003B7644 /* ECNumberCell.h */ = {isa = PBXFileReference; fileEncoding = 4; lastKnownFileType = sourcecode.c.h; path = ECNumberCell.h; sourceTree = "<group>"; };
		9C088B5A17392128003B7644 /* ECNumberCell.m */ = {isa = PBXFileReference; fileEncoding = 4; lastKnownFileType = sourcecode.c.objc; path = ECNumberCell.m; sourceTree = "<group>"; };
		9C0E274C1780819200DA4EF8 /* PhoneFormats.dat */ = {isa = PBXFileReference; lastKnownFileType = file; name = PhoneFormats.dat; path = ressources/PhoneFormats.dat; sourceTree = "<group>"; };
		9C0E274E17809A8E00DA4EF8 /* ECKindHandler.h */ = {isa = PBXFileReference; fileEncoding = 4; lastKnownFileType = sourcecode.c.h; path = ECKindHandler.h; sourceTree = "<group>"; };
		9C0E274F17809A8E00DA4EF8 /* ECKindHandler.m */ = {isa = PBXFileReference; fileEncoding = 4; lastKnownFileType = sourcecode.c.objc; path = ECKindHandler.m; sourceTree = "<group>"; };
		9C0F8B3817A12A93007449B0 /* Settings.plist */ = {isa = PBXFileReference; fileEncoding = 4; lastKnownFileType = text.plist.xml; path = Settings.plist; sourceTree = "<group>"; };
		9C0F8B3A17A12DCD007449B0 /* ECSettingsHandler.h */ = {isa = PBXFileReference; fileEncoding = 4; lastKnownFileType = sourcecode.c.h; path = ECSettingsHandler.h; sourceTree = "<group>"; };
		9C0F8B3B17A12DCD007449B0 /* ECSettingsHandler.m */ = {isa = PBXFileReference; fileEncoding = 4; lastKnownFileType = sourcecode.c.objc; path = ECSettingsHandler.m; sourceTree = "<group>"; };
		9C14627D16BC1DFF0008EB0F /* ECContact.h */ = {isa = PBXFileReference; fileEncoding = 4; lastKnownFileType = sourcecode.c.h; path = ECContact.h; sourceTree = "<group>"; };
		9C14627E16BC1DFF0008EB0F /* ECContact.m */ = {isa = PBXFileReference; fileEncoding = 4; lastKnownFileType = sourcecode.c.objc; path = ECContact.m; sourceTree = "<group>"; };
		9C19DFDC17A3FB72005C70CA /* UIDevice-Hardware.h */ = {isa = PBXFileReference; fileEncoding = 4; lastKnownFileType = sourcecode.c.h; path = "UIDevice-Hardware.h"; sourceTree = "<group>"; };
		9C19DFDD17A3FB72005C70CA /* UIDevice-Hardware.m */ = {isa = PBXFileReference; fileEncoding = 4; lastKnownFileType = sourcecode.c.objc; path = "UIDevice-Hardware.m"; sourceTree = "<group>"; };
		9C247A0117463AA30096AECE /* ECModalViewController.h */ = {isa = PBXFileReference; fileEncoding = 4; lastKnownFileType = sourcecode.c.h; path = ECModalViewController.h; sourceTree = "<group>"; };
		9C247A0217463AA30096AECE /* ECModalViewController.m */ = {isa = PBXFileReference; fileEncoding = 4; lastKnownFileType = sourcecode.c.objc; path = ECModalViewController.m; sourceTree = "<group>"; };
		9C305A05179008A600F5D9C4 /* ECNavigationBar.h */ = {isa = PBXFileReference; fileEncoding = 4; lastKnownFileType = sourcecode.c.h; path = ECNavigationBar.h; sourceTree = "<group>"; };
		9C305A06179008A600F5D9C4 /* ECNavigationBar.m */ = {isa = PBXFileReference; fileEncoding = 4; lastKnownFileType = sourcecode.c.objc; path = ECNavigationBar.m; sourceTree = "<group>"; };
		9C305A091790135900F5D9C4 /* validation-tick.png */ = {isa = PBXFileReference; lastKnownFileType = image.png; name = "validation-tick.png"; path = "images/validation-tick.png"; sourceTree = "<group>"; };
		9C305A0B17906A8A00F5D9C4 /* backbutton-background.png */ = {isa = PBXFileReference; lastKnownFileType = image.png; name = "backbutton-background.png"; path = "images/backbutton-background.png"; sourceTree = "<group>"; };
		9C3591891738056800764635 /* Accelerate.framework */ = {isa = PBXFileReference; lastKnownFileType = wrapper.framework; name = Accelerate.framework; path = System/Library/Frameworks/Accelerate.framework; sourceTree = SDKROOT; };
		9C42A46F1786B53000591BC9 /* ECSettingsTableViewController.h */ = {isa = PBXFileReference; fileEncoding = 4; lastKnownFileType = sourcecode.c.h; path = ECSettingsTableViewController.h; sourceTree = "<group>"; };
		9C42A4701786B53000591BC9 /* ECSettingsTableViewController.m */ = {isa = PBXFileReference; fileEncoding = 4; lastKnownFileType = sourcecode.c.objc; path = ECSettingsTableViewController.m; sourceTree = "<group>"; };
		9C42A4721786E9F500591BC9 /* settings.png */ = {isa = PBXFileReference; lastKnownFileType = image.png; name = settings.png; path = images/settings.png; sourceTree = "<group>"; };
		9C5DB56216EE57DF00300925 /* ECContactList.h */ = {isa = PBXFileReference; fileEncoding = 4; lastKnownFileType = sourcecode.c.h; path = ECContactList.h; sourceTree = "<group>"; };
		9C5DB56316EE57DF00300925 /* ECContactList.m */ = {isa = PBXFileReference; fileEncoding = 4; lastKnownFileType = sourcecode.c.objc; path = ECContactList.m; sourceTree = "<group>"; };
		9C6F605F174564EF002753D7 /* ECMainTableViewController.h */ = {isa = PBXFileReference; fileEncoding = 4; lastKnownFileType = sourcecode.c.h; path = ECMainTableViewController.h; sourceTree = "<group>"; };
		9C6F6060174564EF002753D7 /* ECMainTableViewController.m */ = {isa = PBXFileReference; fileEncoding = 4; lastKnownFileType = sourcecode.c.objc; path = ECMainTableViewController.m; sourceTree = "<group>"; };
		9C723406173AB6FF00C2F633 /* RNBlurModalView.h */ = {isa = PBXFileReference; fileEncoding = 4; lastKnownFileType = sourcecode.c.h; name = RNBlurModalView.h; path = ressources/RNBlurModalView.h; sourceTree = "<group>"; };
		9C723407173AB6FF00C2F633 /* RNBlurModalView.m */ = {isa = PBXFileReference; fileEncoding = 4; lastKnownFileType = sourcecode.c.objc; name = RNBlurModalView.m; path = ressources/RNBlurModalView.m; sourceTree = "<group>"; };
		9C78167A1747C62F00F66500 /* MessageUI.framework */ = {isa = PBXFileReference; lastKnownFileType = wrapper.framework; name = MessageUI.framework; path = System/Library/Frameworks/MessageUI.framework; sourceTree = SDKROOT; };
		9C8DB0DE1775D0C40015FD67 /* ECContactJoiner.h */ = {isa = PBXFileReference; fileEncoding = 4; lastKnownFileType = sourcecode.c.h; path = ECContactJoiner.h; sourceTree = "<group>"; };
		9C8DB0DF1775D0C40015FD67 /* ECContactJoiner.m */ = {isa = PBXFileReference; fileEncoding = 4; lastKnownFileType = sourcecode.c.objc; path = ECContactJoiner.m; sourceTree = "<group>"; };
		9C957D78176E3D5C00E3B8A4 /* ECFavoritesHandler.h */ = {isa = PBXFileReference; fileEncoding = 4; lastKnownFileType = sourcecode.c.h; path = ECFavoritesHandler.h; sourceTree = "<group>"; };
		9C957D79176E3D5C00E3B8A4 /* ECFavoritesHandler.m */ = {isa = PBXFileReference; fileEncoding = 4; lastKnownFileType = sourcecode.c.objc; path = ECFavoritesHandler.m; sourceTree = "<group>"; };
		9C99C9CB1768F93700A3F594 /* ECFavoritesViewController.h */ = {isa = PBXFileReference; fileEncoding = 4; lastKnownFileType = sourcecode.c.h; path = ECFavoritesViewController.h; sourceTree = "<group>"; };
		9C99C9CC1768F93700A3F594 /* ECFavoritesViewController.m */ = {isa = PBXFileReference; fileEncoding = 4; lastKnownFileType = sourcecode.c.objc; path = ECFavoritesViewController.m; sourceTree = "<group>"; };
		9C99C9CE1768F98F00A3F594 /* ECFavoriteCell.h */ = {isa = PBXFileReference; fileEncoding = 4; lastKnownFileType = sourcecode.c.h; path = ECFavoriteCell.h; sourceTree = "<group>"; };
		9C99C9CF1768F98F00A3F594 /* ECFavoriteCell.m */ = {isa = PBXFileReference; fileEncoding = 4; lastKnownFileType = sourcecode.c.objc; path = ECFavoriteCell.m; sourceTree = "<group>"; };
		9CA6B9CE16BAD16D006EAF8D /* EasyContact.app */ = {isa = PBXFileReference; explicitFileType = wrapper.application; includeInIndex = 0; path = EasyContact.app; sourceTree = BUILT_PRODUCTS_DIR; };
		9CA6B9D116BAD16D006EAF8D /* UIKit.framework */ = {isa = PBXFileReference; lastKnownFileType = wrapper.framework; name = UIKit.framework; path = System/Library/Frameworks/UIKit.framework; sourceTree = SDKROOT; };
		9CA6B9D316BAD16D006EAF8D /* Foundation.framework */ = {isa = PBXFileReference; lastKnownFileType = wrapper.framework; name = Foundation.framework; path = System/Library/Frameworks/Foundation.framework; sourceTree = SDKROOT; };
		9CA6B9D516BAD16D006EAF8D /* CoreGraphics.framework */ = {isa = PBXFileReference; lastKnownFileType = wrapper.framework; name = CoreGraphics.framework; path = System/Library/Frameworks/CoreGraphics.framework; sourceTree = SDKROOT; };
		9CA6B9D916BAD16D006EAF8D /* EasyContact-Info.plist */ = {isa = PBXFileReference; lastKnownFileType = text.plist.xml; path = "EasyContact-Info.plist"; sourceTree = "<group>"; };
		9CA6B9DB16BAD16D006EAF8D /* en */ = {isa = PBXFileReference; lastKnownFileType = text.plist.strings; name = en; path = en.lproj/InfoPlist.strings; sourceTree = "<group>"; };
		9CA6B9DD16BAD16D006EAF8D /* main.m */ = {isa = PBXFileReference; lastKnownFileType = sourcecode.c.objc; path = main.m; sourceTree = "<group>"; };
		9CA6B9E016BAD16D006EAF8D /* ECAppDelegate.h */ = {isa = PBXFileReference; lastKnownFileType = sourcecode.c.h; path = ECAppDelegate.h; sourceTree = "<group>"; };
		9CA6B9E116BAD16D006EAF8D /* ECAppDelegate.m */ = {isa = PBXFileReference; lastKnownFileType = sourcecode.c.objc; path = ECAppDelegate.m; sourceTree = "<group>"; };
		9CA6B9EA16BAD16D006EAF8D /* en */ = {isa = PBXFileReference; lastKnownFileType = file.storyboard; name = en; path = en.lproj/MainStoryboard.storyboard; sourceTree = "<group>"; };
		9CA6B9F416BAD884006EAF8D /* AddressBook.framework */ = {isa = PBXFileReference; lastKnownFileType = wrapper.framework; name = AddressBook.framework; path = System/Library/Frameworks/AddressBook.framework; sourceTree = SDKROOT; };
		9CA6B9F516BAD884006EAF8D /* AddressBookUI.framework */ = {isa = PBXFileReference; lastKnownFileType = wrapper.framework; name = AddressBookUI.framework; path = System/Library/Frameworks/AddressBookUI.framework; sourceTree = SDKROOT; };
		9CA8A8F316BD348A0053C1C5 /* QuartzCore.framework */ = {isa = PBXFileReference; lastKnownFileType = wrapper.framework; name = QuartzCore.framework; path = System/Library/Frameworks/QuartzCore.framework; sourceTree = SDKROOT; };
		9CACE32F1770827000BDC2D3 /* ECFavorite.h */ = {isa = PBXFileReference; fileEncoding = 4; lastKnownFileType = sourcecode.c.h; path = ECFavorite.h; sourceTree = "<group>"; };
		9CACE3301770827000BDC2D3 /* ECFavorite.m */ = {isa = PBXFileReference; fileEncoding = 4; lastKnownFileType = sourcecode.c.objc; path = ECFavorite.m; sourceTree = "<group>"; };
		9CACE3321770AA3A00BDC2D3 /* RMPhoneFormat.h */ = {isa = PBXFileReference; fileEncoding = 4; lastKnownFileType = sourcecode.c.h; path = RMPhoneFormat.h; sourceTree = "<group>"; };
		9CACE3331770AA3A00BDC2D3 /* RMPhoneFormat.m */ = {isa = PBXFileReference; fileEncoding = 4; lastKnownFileType = sourcecode.c.objc; path = RMPhoneFormat.m; sourceTree = "<group>"; };
		9CC67F5816BBD6B100F1A9BA /* ECContactCell.h */ = {isa = PBXFileReference; fileEncoding = 4; lastKnownFileType = sourcecode.c.h; path = ECContactCell.h; sourceTree = "<group>"; };
		9CC67F5916BBD6B100F1A9BA /* ECContactCell.m */ = {isa = PBXFileReference; fileEncoding = 4; lastKnownFileType = sourcecode.c.objc; path = ECContactCell.m; sourceTree = "<group>"; };
		9CDD444417A29968009B8A8D /* ECSettingsDelegate.h */ = {isa = PBXFileReference; fileEncoding = 4; lastKnownFileType = sourcecode.c.h; path = ECSettingsDelegate.h; sourceTree = "<group>"; };
		9CEE487B17848F31006BB683 /* facetime-black.png */ = {isa = PBXFileReference; lastKnownFileType = image.png; name = "facetime-black.png"; path = "images/facetime-black.png"; sourceTree = "<group>"; };
		9CEE487C17848F31006BB683 /* facetime-white.png */ = {isa = PBXFileReference; lastKnownFileType = image.png; name = "facetime-white.png"; path = "images/facetime-white.png"; sourceTree = "<group>"; };
		9CEE488017855AC7006BB683 /* mail-blue.png */ = {isa = PBXFileReference; lastKnownFileType = image.png; name = "mail-blue.png"; path = "images/mail-blue.png"; sourceTree = "<group>"; };
/* End PBXFileReference section */

/* Begin PBXFrameworksBuildPhase section */
		9CA6B9CB16BAD16D006EAF8D /* Frameworks */ = {
			isa = PBXFrameworksBuildPhase;
			buildActionMask = 2147483647;
			files = (
				9C78167B1747C62F00F66500 /* MessageUI.framework in Frameworks */,
				9C35918A1738056800764635 /* Accelerate.framework in Frameworks */,
				9CA8A8F416BD348A0053C1C5 /* QuartzCore.framework in Frameworks */,
				9CA6B9F616BAD884006EAF8D /* AddressBook.framework in Frameworks */,
				9CA6B9F716BAD884006EAF8D /* AddressBookUI.framework in Frameworks */,
				9CA6B9D216BAD16D006EAF8D /* UIKit.framework in Frameworks */,
				9CA6B9D416BAD16D006EAF8D /* Foundation.framework in Frameworks */,
				9CA6B9D616BAD16D006EAF8D /* CoreGraphics.framework in Frameworks */,
			);
			runOnlyForDeploymentPostprocessing = 0;
		};
/* End PBXFrameworksBuildPhase section */

/* Begin PBXGroup section */
		9C017A2E176F03FA00A68013 /* App icon */ = {
			isa = PBXGroup;
			children = (
				9C017A08176F03ED00A68013 /* 57x57.png */,
				9C017A09176F03ED00A68013 /* 114x114.png */,
				9C017A0A176F03ED00A68013 /* 120x120.png */,
			);
			name = "App icon";
			sourceTree = "<group>";
		};
		9C017A2F176F040700A68013 /* Launch image */ = {
			isa = PBXGroup;
			children = (
				9C017A0B176F03ED00A68013 /* Default-568h@2x.png */,
				9C017A0C176F03ED00A68013 /* Default.png */,
				9C017A0D176F03ED00A68013 /* Default@2x.png */,
			);
			name = "Launch image";
			sourceTree = "<group>";
		};
		9C017A30176F042600A68013 /* App images */ = {
			isa = PBXGroup;
			children = (
				9C305A0B17906A8A00F5D9C4 /* backbutton-background.png */,
				9C305A091790135900F5D9C4 /* validation-tick.png */,
				9C42A4721786E9F500591BC9 /* settings.png */,
				9CEE487B17848F31006BB683 /* facetime-black.png */,
				9CEE487C17848F31006BB683 /* facetime-white.png */,
				9C017A0E176F03ED00A68013 /* favorite-flag.png */,
				9C017A0F176F03ED00A68013 /* label-home.png */,
				9C017A10176F03ED00A68013 /* label-mobile.png */,
				9C017A11176F03ED00A68013 /* label-work.png */,
				9C017A12176F03ED00A68013 /* mail-black.png */,
				9CEE488017855AC7006BB683 /* mail-blue.png */,
				9C017A13176F03ED00A68013 /* mail-white.png */,
				9C017A14176F03ED00A68013 /* navigationbar-background.png */,
				9C017A15176F03ED00A68013 /* phone-black.png */,
				9C017A16176F03ED00A68013 /* phone-white.png */,
				9C017A17176F03ED00A68013 /* text-black.png */,
				9C017A18176F03ED00A68013 /* text-white.png */,
				9C017A19176F03ED00A68013 /* unavailable-overlay.png */,
				9C017A1A176F03ED00A68013 /* unknown-user.png */,
			);
			name = "App images";
			sourceTree = "<group>";
		};
		9C017A31176F047500A68013 /* Configuration files */ = {
			isa = PBXGroup;
			children = (
				9C0F8B3817A12A93007449B0 /* Settings.plist */,
			);
			name = "Configuration files";
			sourceTree = "<group>";
		};
		9C305A08179008AA00F5D9C4 /* Navigation bar */ = {
			isa = PBXGroup;
			children = (
				9C305A05179008A600F5D9C4 /* ECNavigationBar.h */,
				9C305A06179008A600F5D9C4 /* ECNavigationBar.m */,
			);
			name = "Navigation bar";
			sourceTree = "<group>";
		};
		9C3591931738237B00764635 /* Modal view */ = {
			isa = PBXGroup;
			children = (
				9C247A0117463AA30096AECE /* ECModalViewController.h */,
				9C247A0217463AA30096AECE /* ECModalViewController.m */,
				9C088B5917392128003B7644 /* ECNumberCell.h */,
				9C088B5A17392128003B7644 /* ECNumberCell.m */,
			);
			name = "Modal view";
			sourceTree = "<group>";
		};
		9C42A46B1786B3A400591BC9 /* Settings view */ = {
			isa = PBXGroup;
			children = (
				9C42A46F1786B53000591BC9 /* ECSettingsTableViewController.h */,
				9C42A4701786B53000591BC9 /* ECSettingsTableViewController.m */,
			);
			name = "Settings view";
			sourceTree = "<group>";
		};
		9C6F605E174562BA002753D7 /* Main view */ = {
			isa = PBXGroup;
			children = (
				9C6F605F174564EF002753D7 /* ECMainTableViewController.h */,
				9C6F6060174564EF002753D7 /* ECMainTableViewController.m */,
				9CC67F5816BBD6B100F1A9BA /* ECContactCell.h */,
				9CC67F5916BBD6B100F1A9BA /* ECContactCell.m */,
			);
			name = "Main view";
			sourceTree = "<group>";
		};
		9C742BF317A3E79A003718D7 /* Utilities */ = {
			isa = PBXGroup;
			children = (
				9C8DB0DE1775D0C40015FD67 /* ECContactJoiner.h */,
				9C8DB0DF1775D0C40015FD67 /* ECContactJoiner.m */,
				9C0E274E17809A8E00DA4EF8 /* ECKindHandler.h */,
				9C0E274F17809A8E00DA4EF8 /* ECKindHandler.m */,
				9C957D78176E3D5C00E3B8A4 /* ECFavoritesHandler.h */,
				9C957D79176E3D5C00E3B8A4 /* ECFavoritesHandler.m */,
				9CDD444417A29968009B8A8D /* ECSettingsDelegate.h */,
				9C0F8B3A17A12DCD007449B0 /* ECSettingsHandler.h */,
				9C0F8B3B17A12DCD007449B0 /* ECSettingsHandler.m */,
			);
			name = Utilities;
			sourceTree = "<group>";
		};
		9C99C9C71768F76B00A3F594 /* Favorites view */ = {
			isa = PBXGroup;
			children = (
				9C99C9CB1768F93700A3F594 /* ECFavoritesViewController.h */,
				9C99C9CC1768F93700A3F594 /* ECFavoritesViewController.m */,
				9C99C9CE1768F98F00A3F594 /* ECFavoriteCell.h */,
				9C99C9CF1768F98F00A3F594 /* ECFavoriteCell.m */,
			);
			name = "Favorites view";
			sourceTree = "<group>";
		};
		9CA6B9C516BAD16D006EAF8D = {
			isa = PBXGroup;
			children = (
				9CA6B9D716BAD16D006EAF8D /* BetterContacts */,
				9CA6B9D016BAD16D006EAF8D /* Frameworks */,
				9CA6B9CF16BAD16D006EAF8D /* Products */,
			);
			sourceTree = "<group>";
		};
		9CA6B9CF16BAD16D006EAF8D /* Products */ = {
			isa = PBXGroup;
			children = (
				9CA6B9CE16BAD16D006EAF8D /* EasyContact.app */,
			);
			name = Products;
			sourceTree = "<group>";
		};
		9CA6B9D016BAD16D006EAF8D /* Frameworks */ = {
			isa = PBXGroup;
			children = (
				9C78167A1747C62F00F66500 /* MessageUI.framework */,
				9C3591891738056800764635 /* Accelerate.framework */,
				9CA8A8F316BD348A0053C1C5 /* QuartzCore.framework */,
				9CA6B9F416BAD884006EAF8D /* AddressBook.framework */,
				9CA6B9F516BAD884006EAF8D /* AddressBookUI.framework */,
				9CA6B9D116BAD16D006EAF8D /* UIKit.framework */,
				9CA6B9D316BAD16D006EAF8D /* Foundation.framework */,
				9CA6B9D516BAD16D006EAF8D /* CoreGraphics.framework */,
			);
			name = Frameworks;
			sourceTree = "<group>";
		};
		9CA6B9D716BAD16D006EAF8D /* BetterContacts */ = {
			isa = PBXGroup;
			children = (
				9CA6B9F816BAD9BD006EAF8D /* Sources */,
				9CA6B9D816BAD16D006EAF8D /* Supporting Files */,
			);
			name = BetterContacts;
			path = EasyContact;
			sourceTree = "<group>";
		};
		9CA6B9D816BAD16D006EAF8D /* Supporting Files */ = {
			isa = PBXGroup;
			children = (
				9CA6B9FB16BADA03006EAF8D /* Preferences */,
				9CA6B9FA16BAD9EC006EAF8D /* Images */,
				9C017A31176F047500A68013 /* Configuration files */,
				9CA6B9E916BAD16D006EAF8D /* MainStoryboard.storyboard */,
			);
			name = "Supporting Files";
			sourceTree = "<group>";
		};
		9CA6B9F816BAD9BD006EAF8D /* Sources */ = {
			isa = PBXGroup;
			children = (
				9CA6B9E016BAD16D006EAF8D /* ECAppDelegate.h */,
				9CA6B9E116BAD16D006EAF8D /* ECAppDelegate.m */,
				9CC67F5716BBD69A00F1A9BA /* Contact */,
				9C6F605E174562BA002753D7 /* Main view */,
				9C3591931738237B00764635 /* Modal view */,
				9C99C9C71768F76B00A3F594 /* Favorites view */,
				9C42A46B1786B3A400591BC9 /* Settings view */,
				9C305A08179008AA00F5D9C4 /* Navigation bar */,
				9C742BF317A3E79A003718D7 /* Utilities */,
				9CA6B9F916BAD9C4006EAF8D /* Other sources */,
			);
			name = Sources;
			sourceTree = "<group>";
		};
		9CA6B9F916BAD9C4006EAF8D /* Other sources */ = {
			isa = PBXGroup;
			children = (
				9C19DFDC17A3FB72005C70CA /* UIDevice-Hardware.h */,
				9C19DFDD17A3FB72005C70CA /* UIDevice-Hardware.m */,
				9C017A32176F075C00A68013 /* EasyContact-Prefix.pch */,
				9CA6B9DD16BAD16D006EAF8D /* main.m */,
				9CACE3321770AA3A00BDC2D3 /* RMPhoneFormat.h */,
				9CACE3331770AA3A00BDC2D3 /* RMPhoneFormat.m */,
				9C723406173AB6FF00C2F633 /* RNBlurModalView.h */,
				9C723407173AB6FF00C2F633 /* RNBlurModalView.m */,
			);
			name = "Other sources";
			sourceTree = "<group>";
		};
		9CA6B9FA16BAD9EC006EAF8D /* Images */ = {
			isa = PBXGroup;
			children = (
				9C017A2E176F03FA00A68013 /* App icon */,
				9C017A2F176F040700A68013 /* Launch image */,
				9C017A30176F042600A68013 /* App images */,
			);
			name = Images;
			sourceTree = "<group>";
		};
		9CA6B9FB16BADA03006EAF8D /* Preferences */ = {
			isa = PBXGroup;
			children = (
				9C0E274C1780819200DA4EF8 /* PhoneFormats.dat */,
				9CA6B9D916BAD16D006EAF8D /* EasyContact-Info.plist */,
				9CA6B9DA16BAD16D006EAF8D /* InfoPlist.strings */,
			);
			name = Preferences;
			sourceTree = "<group>";
		};
		9CC67F5716BBD69A00F1A9BA /* Contact */ = {
			isa = PBXGroup;
			children = (
				9C14627D16BC1DFF0008EB0F /* ECContact.h */,
				9C14627E16BC1DFF0008EB0F /* ECContact.m */,
				9CACE32F1770827000BDC2D3 /* ECFavorite.h */,
				9CACE3301770827000BDC2D3 /* ECFavorite.m */,
				9C5DB56216EE57DF00300925 /* ECContactList.h */,
				9C5DB56316EE57DF00300925 /* ECContactList.m */,
			);
			name = Contact;
			sourceTree = "<group>";
		};
/* End PBXGroup section */

/* Begin PBXNativeTarget section */
		9CA6B9CD16BAD16D006EAF8D /* EasyContact */ = {
			isa = PBXNativeTarget;
			buildConfigurationList = 9CA6B9F116BAD16D006EAF8D /* Build configuration list for PBXNativeTarget "EasyContact" */;
			buildPhases = (
				9CA6B9CA16BAD16D006EAF8D /* Sources */,
				9CA6B9CB16BAD16D006EAF8D /* Frameworks */,
				9CA6B9CC16BAD16D006EAF8D /* Resources */,
			);
			buildRules = (
			);
			dependencies = (
			);
			name = EasyContact;
			productName = BetterContacts;
			productReference = 9CA6B9CE16BAD16D006EAF8D /* EasyContact.app */;
			productType = "com.apple.product-type.application";
		};
/* End PBXNativeTarget section */

/* Begin PBXProject section */
		9CA6B9C616BAD16D006EAF8D /* Project object */ = {
			isa = PBXProject;
			attributes = {
				CLASSPREFIX = EC;
				LastUpgradeCheck = 0460;
				ORGANIZATIONNAME = "Maxime de Chalendar";
				TargetAttributes = {
					9CA6B9CD16BAD16D006EAF8D = {
						DevelopmentTeam = YZBJ9D96FR;
					};
				};
			};
			buildConfigurationList = 9CA6B9C916BAD16D006EAF8D /* Build configuration list for PBXProject "EasyContact" */;
			compatibilityVersion = "Xcode 3.2";
			developmentRegion = English;
			hasScannedForEncodings = 0;
			knownRegions = (
				en,
			);
			mainGroup = 9CA6B9C516BAD16D006EAF8D;
			productRefGroup = 9CA6B9CF16BAD16D006EAF8D /* Products */;
			projectDirPath = "";
			projectRoot = "";
			targets = (
				9CA6B9CD16BAD16D006EAF8D /* EasyContact */,
			);
		};
/* End PBXProject section */

/* Begin PBXResourcesBuildPhase section */
		9CA6B9CC16BAD16D006EAF8D /* Resources */ = {
			isa = PBXResourcesBuildPhase;
			buildActionMask = 2147483647;
			files = (
				9C017A23176F03ED00A68013 /* label-mobile.png in Resources */,
				9C017A27176F03ED00A68013 /* navigationbar-background.png in Resources */,
				9C0E274D1780819200DA4EF8 /* PhoneFormats.dat in Resources */,
				9C017A26176F03ED00A68013 /* mail-white.png in Resources */,
				9C017A1C176F03ED00A68013 /* 114x114.png in Resources */,
				9CEE487D17848F31006BB683 /* facetime-black.png in Resources */,
				9C017A25176F03ED00A68013 /* mail-black.png in Resources */,
				9C017A1B176F03ED00A68013 /* 57x57.png in Resources */,
				9CA6B9DC16BAD16D006EAF8D /* InfoPlist.strings in Resources */,
				9C017A21176F03ED00A68013 /* favorite-flag.png in Resources */,
				9C017A2A176F03ED00A68013 /* text-black.png in Resources */,
				9C017A29176F03ED00A68013 /* phone-white.png in Resources */,
				9C017A20176F03ED00A68013 /* Default@2x.png in Resources */,
				9C017A1F176F03ED00A68013 /* Default.png in Resources */,
				9CA6B9EB16BAD16D006EAF8D /* MainStoryboard.storyboard in Resources */,
				9C42A4731786E9F500591BC9 /* settings.png in Resources */,
				9C017A2D176F03ED00A68013 /* unknown-user.png in Resources */,
				9C017A28176F03ED00A68013 /* phone-black.png in Resources */,
				9C017A22176F03ED00A68013 /* label-home.png in Resources */,
				9C017A24176F03ED00A68013 /* label-work.png in Resources */,
				9CEE488417855AC7006BB683 /* mail-blue.png in Resources */,
				9C017A2C176F03ED00A68013 /* unavailable-overlay.png in Resources */,
				9C017A2B176F03ED00A68013 /* text-white.png in Resources */,
				9CEE487E17848F31006BB683 /* facetime-white.png in Resources */,
				9C017A1D176F03ED00A68013 /* 120x120.png in Resources */,
				9C017A1E176F03ED00A68013 /* Default-568h@2x.png in Resources */,
				9C305A0A1790135900F5D9C4 /* validation-tick.png in Resources */,
				9C305A0C17906A8A00F5D9C4 /* backbutton-background.png in Resources */,
				9C0F8B3917A12A93007449B0 /* Settings.plist in Resources */,
			);
			runOnlyForDeploymentPostprocessing = 0;
		};
/* End PBXResourcesBuildPhase section */

/* Begin PBXSourcesBuildPhase section */
		9CA6B9CA16BAD16D006EAF8D /* Sources */ = {
			isa = PBXSourcesBuildPhase;
			buildActionMask = 2147483647;
			files = (
				9CA6B9DE16BAD16D006EAF8D /* main.m in Sources */,
				9CA6B9E216BAD16D006EAF8D /* ECAppDelegate.m in Sources */,
				9CC67F5A16BBD6B100F1A9BA /* ECContactCell.m in Sources */,
				9C14627F16BC1DFF0008EB0F /* ECContact.m in Sources */,
				9C5DB56416EE57DF00300925 /* ECContactList.m in Sources */,
				9C957D7A176E3D5C00E3B8A4 /* ECFavoritesHandler.m in Sources */,
				9C42A4711786B53000591BC9 /* ECSettingsTableViewController.m in Sources */,
				9C088B5B17392128003B7644 /* ECNumberCell.m in Sources */,
				9C723409173AB6FF00C2F633 /* RNBlurModalView.m in Sources */,
				9C6F6061174564EF002753D7 /* ECMainTableViewController.m in Sources */,
				9C247A0317463AA30096AECE /* ECModalViewController.m in Sources */,
				9C0E275017809A8E00DA4EF8 /* ECKindHandler.m in Sources */,
				9CACE3341770AA3A00BDC2D3 /* RMPhoneFormat.m in Sources */,
				9C8DB0E01775D0C40015FD67 /* ECContactJoiner.m in Sources */,
				9C99C9CD1768F93700A3F594 /* ECFavoritesViewController.m in Sources */,
				9CACE3311770827000BDC2D3 /* ECFavorite.m in Sources */,
				9C99C9D01768F98F00A3F594 /* ECFavoriteCell.m in Sources */,
				9C305A07179008A600F5D9C4 /* ECNavigationBar.m in Sources */,
				9C0F8B3C17A12DCD007449B0 /* ECSettingsHandler.m in Sources */,
				9C19DFDE17A3FB72005C70CA /* UIDevice-Hardware.m in Sources */,
			);
			runOnlyForDeploymentPostprocessing = 0;
		};
/* End PBXSourcesBuildPhase section */

/* Begin PBXVariantGroup section */
		9CA6B9DA16BAD16D006EAF8D /* InfoPlist.strings */ = {
			isa = PBXVariantGroup;
			children = (
				9CA6B9DB16BAD16D006EAF8D /* en */,
			);
			name = InfoPlist.strings;
			sourceTree = "<group>";
		};
		9CA6B9E916BAD16D006EAF8D /* MainStoryboard.storyboard */ = {
			isa = PBXVariantGroup;
			children = (
				9CA6B9EA16BAD16D006EAF8D /* en */,
			);
			name = MainStoryboard.storyboard;
			sourceTree = "<group>";
		};
/* End PBXVariantGroup section */

/* Begin XCBuildConfiguration section */
		9CA6B9EF16BAD16D006EAF8D /* Debug */ = {
			isa = XCBuildConfiguration;
			buildSettings = {
				ALWAYS_SEARCH_USER_PATHS = NO;
				CLANG_CXX_LANGUAGE_STANDARD = "gnu++0x";
				CLANG_CXX_LIBRARY = "libc++";
				CLANG_ENABLE_OBJC_ARC = YES;
				CLANG_WARN_CONSTANT_CONVERSION = YES;
				CLANG_WARN_EMPTY_BODY = YES;
				CLANG_WARN_ENUM_CONVERSION = YES;
				CLANG_WARN_INT_CONVERSION = YES;
				CLANG_WARN__DUPLICATE_METHOD_MATCH = YES;
				"CODE_SIGN_IDENTITY[sdk=iphoneos*]" = "iPhone Developer";
				COPY_PHASE_STRIP = NO;
				GCC_C_LANGUAGE_STANDARD = gnu99;
				GCC_DYNAMIC_NO_PIC = NO;
				GCC_OPTIMIZATION_LEVEL = 0;
				GCC_PREPROCESSOR_DEFINITIONS = (
					"DEBUG=1",
					"$(inherited)",
				);
				GCC_SYMBOLS_PRIVATE_EXTERN = NO;
				GCC_WARN_ABOUT_RETURN_TYPE = YES;
				GCC_WARN_UNINITIALIZED_AUTOS = YES;
				GCC_WARN_UNUSED_VARIABLE = YES;
				IPHONEOS_DEPLOYMENT_TARGET = 6.1;
				ONLY_ACTIVE_ARCH = YES;
				SDKROOT = iphoneos;
			};
			name = Debug;
		};
		9CA6B9F016BAD16D006EAF8D /* Release */ = {
			isa = XCBuildConfiguration;
			buildSettings = {
				ALWAYS_SEARCH_USER_PATHS = NO;
				CLANG_CXX_LANGUAGE_STANDARD = "gnu++0x";
				CLANG_CXX_LIBRARY = "libc++";
				CLANG_ENABLE_OBJC_ARC = YES;
				CLANG_WARN_CONSTANT_CONVERSION = YES;
				CLANG_WARN_EMPTY_BODY = YES;
				CLANG_WARN_ENUM_CONVERSION = YES;
				CLANG_WARN_INT_CONVERSION = YES;
				CLANG_WARN__DUPLICATE_METHOD_MATCH = YES;
				"CODE_SIGN_IDENTITY[sdk=iphoneos*]" = "iPhone Developer";
				COPY_PHASE_STRIP = YES;
				GCC_C_LANGUAGE_STANDARD = gnu99;
				GCC_WARN_ABOUT_RETURN_TYPE = YES;
				GCC_WARN_UNINITIALIZED_AUTOS = YES;
				GCC_WARN_UNUSED_VARIABLE = YES;
				IPHONEOS_DEPLOYMENT_TARGET = 6.1;
				OTHER_CFLAGS = "-DNS_BLOCK_ASSERTIONS=1";
				SDKROOT = iphoneos;
				VALIDATE_PRODUCT = YES;
			};
			name = Release;
		};
		9CA6B9F216BAD16D006EAF8D /* Debug */ = {
			isa = XCBuildConfiguration;
			buildSettings = {
				CODE_SIGN_IDENTITY = "iPhone Developer: Callum Henshall (8KTXG44YBK)";
				GCC_PRECOMPILE_PREFIX_HEADER = YES;
				GCC_PREFIX_HEADER = "EasyContact/EasyContact-Prefix.pch";
				INFOPLIST_FILE = "$(SRCROOT)/EasyContact/EasyContact-Info.plist";
				IPHONEOS_DEPLOYMENT_TARGET = 6.0;
				PRODUCT_NAME = EasyContact;
				PROVISIONING_PROFILE = "90811C1D-D9FD-45DF-AA60-1D8DAE498972";
				WRAPPER_EXTENSION = app;
			};
			name = Debug;
		};
		9CA6B9F316BAD16D006EAF8D /* Release */ = {
			isa = XCBuildConfiguration;
			buildSettings = {
				CODE_SIGN_IDENTITY = "iPhone Developer: Callum Henshall (8KTXG44YBK)";
				GCC_PRECOMPILE_PREFIX_HEADER = YES;
				GCC_PREFIX_HEADER = "EasyContact/EasyContact-Prefix.pch";
				INFOPLIST_FILE = "$(SRCROOT)/EasyContact/EasyContact-Info.plist";
				IPHONEOS_DEPLOYMENT_TARGET = 6.0;
				PRODUCT_NAME = EasyContact;
				PROVISIONING_PROFILE = "90811C1D-D9FD-45DF-AA60-1D8DAE498972";
				WRAPPER_EXTENSION = app;
			};
			name = Release;
		};
/* End XCBuildConfiguration section */

/* Begin XCConfigurationList section */
		9CA6B9C916BAD16D006EAF8D /* Build configuration list for PBXProject "EasyContact" */ = {
			isa = XCConfigurationList;
			buildConfigurations = (
				9CA6B9EF16BAD16D006EAF8D /* Debug */,
				9CA6B9F016BAD16D006EAF8D /* Release */,
			);
			defaultConfigurationIsVisible = 0;
			defaultConfigurationName = Release;
		};
		9CA6B9F116BAD16D006EAF8D /* Build configuration list for PBXNativeTarget "EasyContact" */ = {
			isa = XCConfigurationList;
			buildConfigurations = (
				9CA6B9F216BAD16D006EAF8D /* Debug */,
				9CA6B9F316BAD16D006EAF8D /* Release */,
			);
			defaultConfigurationIsVisible = 0;
			defaultConfigurationName = Release;
		};
/* End XCConfigurationList section */
	};
	rootObject = 9CA6B9C616BAD16D006EAF8D /* Project object */;
}
